// !$*UTF8*$!
{
	archiveVersion = 1;
	classes = {
	};
	objectVersion = 56;
	objects = {

/* Begin PBXBuildFile section */
		CD026EDE296058C300C6C359 /* AppDelegate.swift in Sources */ = {isa = PBXBuildFile; fileRef = CD026EDD296058C300C6C359 /* AppDelegate.swift */; };
		CD026EE0296058C300C6C359 /* SceneDelegate.swift in Sources */ = {isa = PBXBuildFile; fileRef = CD026EDF296058C300C6C359 /* SceneDelegate.swift */; };
		CD026EE5296058C300C6C359 /* Main.storyboard in Resources */ = {isa = PBXBuildFile; fileRef = CD026EE3296058C300C6C359 /* Main.storyboard */; };
		CD026EE7296058C400C6C359 /* Assets.xcassets in Resources */ = {isa = PBXBuildFile; fileRef = CD026EE6296058C400C6C359 /* Assets.xcassets */; };
		CD026EEA296058C400C6C359 /* LaunchScreen.storyboard in Resources */ = {isa = PBXBuildFile; fileRef = CD026EE8296058C400C6C359 /* LaunchScreen.storyboard */; };
		CD17B9BF2961956F0069B8A1 /* StoryTableCell.swift in Sources */ = {isa = PBXBuildFile; fileRef = CD17B9BD2961956F0069B8A1 /* StoryTableCell.swift */; };
		CD17B9C02961956F0069B8A1 /* StoryTableCell.xib in Resources */ = {isa = PBXBuildFile; fileRef = CD17B9BE2961956F0069B8A1 /* StoryTableCell.xib */; };
		CD17B9C22961964F0069B8A1 /* StoryCell.swift in Sources */ = {isa = PBXBuildFile; fileRef = CD17B9C12961964F0069B8A1 /* StoryCell.swift */; };
		CD237C812966C6B2000BD0AD /* PostEdit.storyboard in Resources */ = {isa = PBXBuildFile; fileRef = CD237C802966C6B2000BD0AD /* PostEdit.storyboard */; };
		CD237C832966C6C6000BD0AD /* NewPostModel.swift in Sources */ = {isa = PBXBuildFile; fileRef = CD237C822966C6C6000BD0AD /* NewPostModel.swift */; };
		CD237C852966C759000BD0AD /* NewPostDataManager.swift in Sources */ = {isa = PBXBuildFile; fileRef = CD237C842966C759000BD0AD /* NewPostDataManager.swift */; };
		CD237C882966E22B000BD0AD /* FirebaseStorage in Frameworks */ = {isa = PBXBuildFile; productRef = CD237C872966E22B000BD0AD /* FirebaseStorage */; };
		CD237C8A2966E24E000BD0AD /* GoogleService-Info.plist in Resources */ = {isa = PBXBuildFile; fileRef = CD237C892966E24E000BD0AD /* GoogleService-Info.plist */; };
		CD237C8C2966E36E000BD0AD /* FirebaseManager.swift in Sources */ = {isa = PBXBuildFile; fileRef = CD237C8B2966E36E000BD0AD /* FirebaseManager.swift */; };
		CD29EB2229685766004CA667 /* CenterButton.swift in Sources */ = {isa = PBXBuildFile; fileRef = CD29EB2129685766004CA667 /* CenterButton.swift */; };
		CD29EB2A29686108004CA667 /* FeedMenuModel.swift in Sources */ = {isa = PBXBuildFile; fileRef = CD29EB2929686108004CA667 /* FeedMenuModel.swift */; };
		CD29EB2C29686B49004CA667 /* FeedMenuCell.swift in Sources */ = {isa = PBXBuildFile; fileRef = CD29EB2B29686B49004CA667 /* FeedMenuCell.swift */; };
		CD29EB2E29687A56004CA667 /* FeedMenuDelegate.swift in Sources */ = {isa = PBXBuildFile; fileRef = CD29EB2D29687A56004CA667 /* FeedMenuDelegate.swift */; };
		CD29EB3029687F47004CA667 /* ToastNoti.swift in Sources */ = {isa = PBXBuildFile; fileRef = CD29EB2F29687F47004CA667 /* ToastNoti.swift */; };
		CD29EB32296880F3004CA667 /* FeedMenuDataManager.swift in Sources */ = {isa = PBXBuildFile; fileRef = CD29EB31296880F3004CA667 /* FeedMenuDataManager.swift */; };
		CD29EB34296887C1004CA667 /* PostViewDelegate.swift in Sources */ = {isa = PBXBuildFile; fileRef = CD29EB33296887C1004CA667 /* PostViewDelegate.swift */; };
		CD29EB372969AA89004CA667 /* Tabman in Frameworks */ = {isa = PBXBuildFile; productRef = CD29EB362969AA89004CA667 /* Tabman */; };
		CD29EB442969AF56004CA667 /* FollowViewController.swift in Sources */ = {isa = PBXBuildFile; fileRef = CD29EB432969AF56004CA667 /* FollowViewController.swift */; };
		CD29EB462969B083004CA667 /* FollowListViewController.swift in Sources */ = {isa = PBXBuildFile; fileRef = CD29EB452969B083004CA667 /* FollowListViewController.swift */; };
		CD2ABD05296C6E5800999905 /* SearchModel.swift in Sources */ = {isa = PBXBuildFile; fileRef = CD2ABD04296C6E5800999905 /* SearchModel.swift */; };
		CD2ABD07296C6ED400999905 /* SearchDataManager.swift in Sources */ = {isa = PBXBuildFile; fileRef = CD2ABD06296C6ED400999905 /* SearchDataManager.swift */; };
		CD2ABD09296C6FCD00999905 /* Search.storyboard in Resources */ = {isa = PBXBuildFile; fileRef = CD2ABD08296C6FCD00999905 /* Search.storyboard */; };
		CD2ABD0B296C6FD800999905 /* SearchViewController.swift in Sources */ = {isa = PBXBuildFile; fileRef = CD2ABD0A296C6FD800999905 /* SearchViewController.swift */; };
		CD2ABD0E296C707D00999905 /* SearchResultCell.swift in Sources */ = {isa = PBXBuildFile; fileRef = CD2ABD0C296C707D00999905 /* SearchResultCell.swift */; };
		CD2ABD0F296C707D00999905 /* SearchResultCell.xib in Resources */ = {isa = PBXBuildFile; fileRef = CD2ABD0D296C707D00999905 /* SearchResultCell.xib */; };
		CD2ABD15296C845600999905 /* CommentViewController.swift in Sources */ = {isa = PBXBuildFile; fileRef = CD2ABD14296C845600999905 /* CommentViewController.swift */; };
		CD2ABD17296C846500999905 /* Comment.storyboard in Resources */ = {isa = PBXBuildFile; fileRef = CD2ABD16296C846500999905 /* Comment.storyboard */; };
		CD2ABD1E296C89FB00999905 /* CommentCell.swift in Sources */ = {isa = PBXBuildFile; fileRef = CD2ABD1C296C89FB00999905 /* CommentCell.swift */; };
		CD2ABD1F296C89FB00999905 /* CommentCell.xib in Resources */ = {isa = PBXBuildFile; fileRef = CD2ABD1D296C89FB00999905 /* CommentCell.xib */; };
		CD2ABD21296C8F1900999905 /* UILabel+Padding.swift in Sources */ = {isa = PBXBuildFile; fileRef = CD2ABD20296C8F1900999905 /* UILabel+Padding.swift */; };
		CD2C992D2964680D006088D8 /* Constant.swift in Sources */ = {isa = PBXBuildFile; fileRef = CD2C992C2964680D006088D8 /* Constant.swift */; };
		CD2C992F29646A5F006088D8 /* Secret.swift in Sources */ = {isa = PBXBuildFile; fileRef = CD2C992E29646A5F006088D8 /* Secret.swift */; };
		CD2C9931296472CB006088D8 /* SignUpNavigationController.swift in Sources */ = {isa = PBXBuildFile; fileRef = CD2C9930296472CB006088D8 /* SignUpNavigationController.swift */; };
		CD2C9933296473F4006088D8 /* SignUpDataManager.swift in Sources */ = {isa = PBXBuildFile; fileRef = CD2C9932296473F4006088D8 /* SignUpDataManager.swift */; };
		CD2C993529647942006088D8 /* SignUpNetworkManager.swift in Sources */ = {isa = PBXBuildFile; fileRef = CD2C993429647942006088D8 /* SignUpNetworkManager.swift */; };
		CD2C993729647AB7006088D8 /* UserDataModel.swift in Sources */ = {isa = PBXBuildFile; fileRef = CD2C993629647AB7006088D8 /* UserDataModel.swift */; };
		CD2C993929648E4D006088D8 /* LoginDataModel.swift in Sources */ = {isa = PBXBuildFile; fileRef = CD2C993829648E4D006088D8 /* LoginDataModel.swift */; };
		CD2C993B29648F63006088D8 /* LoginNetworkManager.swift in Sources */ = {isa = PBXBuildFile; fileRef = CD2C993A29648F63006088D8 /* LoginNetworkManager.swift */; };
		CD379C78296BBB1500E27089 /* FollowCell.swift in Sources */ = {isa = PBXBuildFile; fileRef = CD379C76296BBB1500E27089 /* FollowCell.swift */; };
		CD379C79296BBB1500E27089 /* FollowCell.xib in Resources */ = {isa = PBXBuildFile; fileRef = CD379C77296BBB1500E27089 /* FollowCell.xib */; };
		CD379C7B296C0D0B00E27089 /* FollowDataManager.swift in Sources */ = {isa = PBXBuildFile; fileRef = CD379C7A296C0D0B00E27089 /* FollowDataManager.swift */; };
		CD379C7D296C148D00E27089 /* FollowModel.swift in Sources */ = {isa = PBXBuildFile; fileRef = CD379C7C296C148D00E27089 /* FollowModel.swift */; };
		CD57D7472961BAFE00138449 /* FeedsModel.swift in Sources */ = {isa = PBXBuildFile; fileRef = CD57D7462961BAFE00138449 /* FeedsModel.swift */; };
		CD57D7492961BF5600138449 /* HomeDataManager.swift in Sources */ = {isa = PBXBuildFile; fileRef = CD57D7482961BF5600138449 /* HomeDataManager.swift */; };
		CD57D74B2961C41200138449 /* UserModel.swift in Sources */ = {isa = PBXBuildFile; fileRef = CD57D74A2961C41200138449 /* UserModel.swift */; };
		CD57D74D2961D2F600138449 /* FeedMediaCell.swift in Sources */ = {isa = PBXBuildFile; fileRef = CD57D74C2961D2F600138449 /* FeedMediaCell.swift */; };
		CD57D7522961E32000138449 /* Profile.storyboard in Resources */ = {isa = PBXBuildFile; fileRef = CD57D7512961E32000138449 /* Profile.storyboard */; };
		CD57D7542961E35B00138449 /* ProfileViewController.swift in Sources */ = {isa = PBXBuildFile; fileRef = CD57D7532961E35B00138449 /* ProfileViewController.swift */; };
		CD57D7572961E42100138449 /* HomeVCDelegate.swift in Sources */ = {isa = PBXBuildFile; fileRef = CD57D7562961E42100138449 /* HomeVCDelegate.swift */; };
		CD57D75A2961E7A700138449 /* LikeList.storyboard in Resources */ = {isa = PBXBuildFile; fileRef = CD57D7592961E7A700138449 /* LikeList.storyboard */; };
		CD57D75C2961E7B200138449 /* LikeListViewController.swift in Sources */ = {isa = PBXBuildFile; fileRef = CD57D75B2961E7B200138449 /* LikeListViewController.swift */; };
		CD57D75F2962729500138449 /* FacebookCore in Frameworks */ = {isa = PBXBuildFile; productRef = CD57D75E2962729500138449 /* FacebookCore */; };
		CD57D7612962729500138449 /* FacebookGamingServices in Frameworks */ = {isa = PBXBuildFile; productRef = CD57D7602962729500138449 /* FacebookGamingServices */; };
		CD57D7632962729500138449 /* FacebookLogin in Frameworks */ = {isa = PBXBuildFile; productRef = CD57D7622962729500138449 /* FacebookLogin */; };
		CD57D7652962729500138449 /* FacebookShare in Frameworks */ = {isa = PBXBuildFile; productRef = CD57D7642962729500138449 /* FacebookShare */; };
		CD57D7692962764500138449 /* LoginViewController.swift in Sources */ = {isa = PBXBuildFile; fileRef = CD57D7682962764500138449 /* LoginViewController.swift */; };
		CD57D76B2962764B00138449 /* Login.storyboard in Resources */ = {isa = PBXBuildFile; fileRef = CD57D76A2962764B00138449 /* Login.storyboard */; };
		CD58A46E2962BF1C003C29F0 /* SignUpViewController.swift in Sources */ = {isa = PBXBuildFile; fileRef = CD58A46D2962BF1C003C29F0 /* SignUpViewController.swift */; };
		CD58A4702962CAC3003C29F0 /* CustomSkyTextField.swift in Sources */ = {isa = PBXBuildFile; fileRef = CD58A46F2962CAC3003C29F0 /* CustomSkyTextField.swift */; };
		CD58A48029644F6C003C29F0 /* Alamofire in Frameworks */ = {isa = PBXBuildFile; productRef = CD58A47F29644F6C003C29F0 /* Alamofire */; };
		CD58A48329644F77003C29F0 /* Kingfisher in Frameworks */ = {isa = PBXBuildFile; productRef = CD58A48229644F77003C29F0 /* Kingfisher */; };
		CD58A496296450F4003C29F0 /* FeedsDataManager.swift in Sources */ = {isa = PBXBuildFile; fileRef = CD58A495296450F4003C29F0 /* FeedsDataManager.swift */; };
		CD84BB9B2969B4CF00203285 /* SnapKit in Frameworks */ = {isa = PBXBuildFile; productRef = CD84BB9A2969B4CF00203285 /* SnapKit */; };
		CDBAA0D329672E560019C7A5 /* PostViewController.swift in Sources */ = {isa = PBXBuildFile; fileRef = CDBAA0D229672E560019C7A5 /* PostViewController.swift */; };
		CDBAA0D529672E5B0019C7A5 /* Post.storyboard in Resources */ = {isa = PBXBuildFile; fileRef = CDBAA0D429672E5B0019C7A5 /* Post.storyboard */; };
		CDBAA0D729672E740019C7A5 /* PostModel.swift in Sources */ = {isa = PBXBuildFile; fileRef = CDBAA0D629672E740019C7A5 /* PostModel.swift */; };
		CDBAA0D92967308B0019C7A5 /* PostDataManager.swift in Sources */ = {isa = PBXBuildFile; fileRef = CDBAA0D82967308B0019C7A5 /* PostDataManager.swift */; };
		CDBAA0DB2967D71A0019C7A5 /* BottomSheetViewController.swift in Sources */ = {isa = PBXBuildFile; fileRef = CDBAA0DA2967D71A0019C7A5 /* BottomSheetViewController.swift */; };
		CDBAA0E5296849F10019C7A5 /* CustomMenuButton.swift in Sources */ = {isa = PBXBuildFile; fileRef = CDBAA0E4296849F10019C7A5 /* CustomMenuButton.swift */; };
		CDCB239E2964AACE00C37717 /* ProfileInfoCell.swift in Sources */ = {isa = PBXBuildFile; fileRef = CDCB239C2964AACE00C37717 /* ProfileInfoCell.swift */; };
		CDCB239F2964AACE00C37717 /* ProfileInfoCell.xib in Resources */ = {isa = PBXBuildFile; fileRef = CDCB239D2964AACE00C37717 /* ProfileInfoCell.xib */; };
		CDCB23A229651E5B00C37717 /* ContentsCell.swift in Sources */ = {isa = PBXBuildFile; fileRef = CDCB23A029651E5B00C37717 /* ContentsCell.swift */; };
		CDCB23A329651E5B00C37717 /* ContentsCell.xib in Resources */ = {isa = PBXBuildFile; fileRef = CDCB23A129651E5B00C37717 /* ContentsCell.xib */; };
		CDCB23A62965D2AF00C37717 /* ProfileTabHeaderView.swift in Sources */ = {isa = PBXBuildFile; fileRef = CDCB23A42965D2AF00C37717 /* ProfileTabHeaderView.swift */; };
		CDCB23A72965D2AF00C37717 /* ProfileTabHeaderView.xib in Resources */ = {isa = PBXBuildFile; fileRef = CDCB23A52965D2AF00C37717 /* ProfileTabHeaderView.xib */; };
		CDCB23A92965DC0F00C37717 /* UserProfileModel.swift in Sources */ = {isa = PBXBuildFile; fileRef = CDCB23A82965DC0F00C37717 /* UserProfileModel.swift */; };
		CDCB23AB2965DD6B00C37717 /* ProfileDataManager.swift in Sources */ = {isa = PBXBuildFile; fileRef = CDCB23AA2965DD6B00C37717 /* ProfileDataManager.swift */; };
		CDCB23AD2965EA1A00C37717 /* Extension ProfileVC + collectionView.swift in Sources */ = {isa = PBXBuildFile; fileRef = CDCB23AC2965EA1A00C37717 /* Extension ProfileVC + collectionView.swift */; };
		CDCB23AF2965FCDC00C37717 /* ProfileVCDelegate.swift in Sources */ = {isa = PBXBuildFile; fileRef = CDCB23AE2965FCDC00C37717 /* ProfileVCDelegate.swift */; };
		CDCB23B42965FE7800C37717 /* EditMyProfile.storyboard in Resources */ = {isa = PBXBuildFile; fileRef = CDCB23B32965FE7800C37717 /* EditMyProfile.storyboard */; };
		CDCB23B62965FF9D00C37717 /* EditMyProfileViewController.swift in Sources */ = {isa = PBXBuildFile; fileRef = CDCB23B52965FF9D00C37717 /* EditMyProfileViewController.swift */; };
		CDCB23B82966030D00C37717 /* EditProfileInfoCell.swift in Sources */ = {isa = PBXBuildFile; fileRef = CDCB23B72966030D00C37717 /* EditProfileInfoCell.swift */; };
		CDCB23BA29667FC000C37717 /* EditDetailViewController.swift in Sources */ = {isa = PBXBuildFile; fileRef = CDCB23B929667FC000C37717 /* EditDetailViewController.swift */; };
		CDCB23BD2966B9AF00C37717 /* YPImagePicker in Frameworks */ = {isa = PBXBuildFile; productRef = CDCB23BC2966B9AF00C37717 /* YPImagePicker */; };
		CDCB23C32966BEA000C37717 /* PostEditViewController.swift in Sources */ = {isa = PBXBuildFile; fileRef = CDCB23C22966BEA000C37717 /* PostEditViewController.swift */; };
		CDEC326C296085D50030E035 /* BaseViewController.swift in Sources */ = {isa = PBXBuildFile; fileRef = CDEC326B296085D50030E035 /* BaseViewController.swift */; };
		CDEC3278296086030030E035 /* IndicatorView.swift in Sources */ = {isa = PBXBuildFile; fileRef = CDEC326E296086030030E035 /* IndicatorView.swift */; };
		CDEC3279296086030030E035 /* Date.swift in Sources */ = {isa = PBXBuildFile; fileRef = CDEC3270296086030030E035 /* Date.swift */; };
		CDEC327A296086030030E035 /* UIColor.swift in Sources */ = {isa = PBXBuildFile; fileRef = CDEC3271296086030030E035 /* UIColor.swift */; };
		CDEC327B296086030030E035 /* String.swift in Sources */ = {isa = PBXBuildFile; fileRef = CDEC3272296086030030E035 /* String.swift */; };
		CDEC327C296086030030E035 /* UIButton.swift in Sources */ = {isa = PBXBuildFile; fileRef = CDEC3273296086030030E035 /* UIButton.swift */; };
		CDEC327D296086030030E035 /* UIViewController.swift in Sources */ = {isa = PBXBuildFile; fileRef = CDEC3274296086030030E035 /* UIViewController.swift */; };
		CDEC327E296086030030E035 /* UINavigationBar.swift in Sources */ = {isa = PBXBuildFile; fileRef = CDEC3275296086030030E035 /* UINavigationBar.swift */; };
		CDEC327F296086030030E035 /* UIFont.swift in Sources */ = {isa = PBXBuildFile; fileRef = CDEC3276296086030030E035 /* UIFont.swift */; };
		CDEC3280296086030030E035 /* Device.swift in Sources */ = {isa = PBXBuildFile; fileRef = CDEC3277296086030030E035 /* Device.swift */; };
		CDEC3284296087650030E035 /* HomeViewController.swift in Sources */ = {isa = PBXBuildFile; fileRef = CDEC3283296087650030E035 /* HomeViewController.swift */; };
		CDEC328629608FCF0030E035 /* CustomNavigationController.swift in Sources */ = {isa = PBXBuildFile; fileRef = CDEC328529608FCF0030E035 /* CustomNavigationController.swift */; };
		CDEC328929609AEC0030E035 /* CustomNaviBarItem.swift in Sources */ = {isa = PBXBuildFile; fileRef = CDEC328829609AEC0030E035 /* CustomNaviBarItem.swift */; };
		CDEC328B29609B3E0030E035 /* UIBarButtonItem.swift in Sources */ = {isa = PBXBuildFile; fileRef = CDEC328A29609B3E0030E035 /* UIBarButtonItem.swift */; };
		CDEC3295296121750030E035 /* FeedCell.swift in Sources */ = {isa = PBXBuildFile; fileRef = CDEC3293296121750030E035 /* FeedCell.swift */; };
		CDEC3296296121750030E035 /* FeedCell.xib in Resources */ = {isa = PBXBuildFile; fileRef = CDEC3294296121750030E035 /* FeedCell.xib */; };
		CDFFCE6D296295340063A53B /* SkyFloatingLabelTextField in Frameworks */ = {isa = PBXBuildFile; productRef = CDFFCE6C296295340063A53B /* SkyFloatingLabelTextField */; };
/* End PBXBuildFile section */

/* Begin PBXFileReference section */
		CD026EDA296058C300C6C359 /* instagram_ios_jason.app */ = {isa = PBXFileReference; explicitFileType = wrapper.application; includeInIndex = 0; path = instagram_ios_jason.app; sourceTree = BUILT_PRODUCTS_DIR; };
		CD026EDD296058C300C6C359 /* AppDelegate.swift */ = {isa = PBXFileReference; lastKnownFileType = sourcecode.swift; path = AppDelegate.swift; sourceTree = "<group>"; };
		CD026EDF296058C300C6C359 /* SceneDelegate.swift */ = {isa = PBXFileReference; lastKnownFileType = sourcecode.swift; path = SceneDelegate.swift; sourceTree = "<group>"; };
		CD026EE4296058C300C6C359 /* Base */ = {isa = PBXFileReference; lastKnownFileType = file.storyboard; name = Base; path = Base.lproj/Main.storyboard; sourceTree = "<group>"; };
		CD026EE6296058C400C6C359 /* Assets.xcassets */ = {isa = PBXFileReference; lastKnownFileType = folder.assetcatalog; path = Assets.xcassets; sourceTree = "<group>"; };
		CD026EE9296058C400C6C359 /* Base */ = {isa = PBXFileReference; lastKnownFileType = file.storyboard; name = Base; path = Base.lproj/LaunchScreen.storyboard; sourceTree = "<group>"; };
		CD026EEB296058C400C6C359 /* Info.plist */ = {isa = PBXFileReference; lastKnownFileType = text.plist.xml; path = Info.plist; sourceTree = "<group>"; };
		CD17B9BD2961956F0069B8A1 /* StoryTableCell.swift */ = {isa = PBXFileReference; lastKnownFileType = sourcecode.swift; path = StoryTableCell.swift; sourceTree = "<group>"; };
		CD17B9BE2961956F0069B8A1 /* StoryTableCell.xib */ = {isa = PBXFileReference; lastKnownFileType = file.xib; path = StoryTableCell.xib; sourceTree = "<group>"; };
		CD17B9C12961964F0069B8A1 /* StoryCell.swift */ = {isa = PBXFileReference; lastKnownFileType = sourcecode.swift; path = StoryCell.swift; sourceTree = "<group>"; };
		CD237C802966C6B2000BD0AD /* PostEdit.storyboard */ = {isa = PBXFileReference; fileEncoding = 4; lastKnownFileType = file.storyboard; path = PostEdit.storyboard; sourceTree = "<group>"; };
		CD237C822966C6C6000BD0AD /* NewPostModel.swift */ = {isa = PBXFileReference; lastKnownFileType = sourcecode.swift; path = NewPostModel.swift; sourceTree = "<group>"; };
		CD237C842966C759000BD0AD /* NewPostDataManager.swift */ = {isa = PBXFileReference; lastKnownFileType = sourcecode.swift; path = NewPostDataManager.swift; sourceTree = "<group>"; };
		CD237C892966E24E000BD0AD /* GoogleService-Info.plist */ = {isa = PBXFileReference; fileEncoding = 4; lastKnownFileType = text.plist.xml; path = "GoogleService-Info.plist"; sourceTree = "<group>"; };
		CD237C8B2966E36E000BD0AD /* FirebaseManager.swift */ = {isa = PBXFileReference; lastKnownFileType = sourcecode.swift; path = FirebaseManager.swift; sourceTree = "<group>"; };
		CD29EB2129685766004CA667 /* CenterButton.swift */ = {isa = PBXFileReference; lastKnownFileType = sourcecode.swift; path = CenterButton.swift; sourceTree = "<group>"; };
		CD29EB2929686108004CA667 /* FeedMenuModel.swift */ = {isa = PBXFileReference; lastKnownFileType = sourcecode.swift; path = FeedMenuModel.swift; sourceTree = "<group>"; };
		CD29EB2B29686B49004CA667 /* FeedMenuCell.swift */ = {isa = PBXFileReference; lastKnownFileType = sourcecode.swift; path = FeedMenuCell.swift; sourceTree = "<group>"; };
		CD29EB2D29687A56004CA667 /* FeedMenuDelegate.swift */ = {isa = PBXFileReference; lastKnownFileType = sourcecode.swift; path = FeedMenuDelegate.swift; sourceTree = "<group>"; };
		CD29EB2F29687F47004CA667 /* ToastNoti.swift */ = {isa = PBXFileReference; lastKnownFileType = sourcecode.swift; path = ToastNoti.swift; sourceTree = "<group>"; };
		CD29EB31296880F3004CA667 /* FeedMenuDataManager.swift */ = {isa = PBXFileReference; lastKnownFileType = sourcecode.swift; path = FeedMenuDataManager.swift; sourceTree = "<group>"; };
		CD29EB33296887C1004CA667 /* PostViewDelegate.swift */ = {isa = PBXFileReference; lastKnownFileType = sourcecode.swift; path = PostViewDelegate.swift; sourceTree = "<group>"; };
		CD29EB432969AF56004CA667 /* FollowViewController.swift */ = {isa = PBXFileReference; lastKnownFileType = sourcecode.swift; path = FollowViewController.swift; sourceTree = "<group>"; };
		CD29EB452969B083004CA667 /* FollowListViewController.swift */ = {isa = PBXFileReference; lastKnownFileType = sourcecode.swift; path = FollowListViewController.swift; sourceTree = "<group>"; };
		CD2ABD04296C6E5800999905 /* SearchModel.swift */ = {isa = PBXFileReference; lastKnownFileType = sourcecode.swift; path = SearchModel.swift; sourceTree = "<group>"; };
		CD2ABD06296C6ED400999905 /* SearchDataManager.swift */ = {isa = PBXFileReference; lastKnownFileType = sourcecode.swift; path = SearchDataManager.swift; sourceTree = "<group>"; };
		CD2ABD08296C6FCD00999905 /* Search.storyboard */ = {isa = PBXFileReference; lastKnownFileType = file.storyboard; path = Search.storyboard; sourceTree = "<group>"; };
		CD2ABD0A296C6FD800999905 /* SearchViewController.swift */ = {isa = PBXFileReference; lastKnownFileType = sourcecode.swift; path = SearchViewController.swift; sourceTree = "<group>"; };
		CD2ABD0C296C707D00999905 /* SearchResultCell.swift */ = {isa = PBXFileReference; lastKnownFileType = sourcecode.swift; path = SearchResultCell.swift; sourceTree = "<group>"; };
		CD2ABD0D296C707D00999905 /* SearchResultCell.xib */ = {isa = PBXFileReference; lastKnownFileType = file.xib; path = SearchResultCell.xib; sourceTree = "<group>"; };
		CD2ABD14296C845600999905 /* CommentViewController.swift */ = {isa = PBXFileReference; lastKnownFileType = sourcecode.swift; path = CommentViewController.swift; sourceTree = "<group>"; };
		CD2ABD16296C846500999905 /* Comment.storyboard */ = {isa = PBXFileReference; lastKnownFileType = file.storyboard; path = Comment.storyboard; sourceTree = "<group>"; };
		CD2ABD1C296C89FB00999905 /* CommentCell.swift */ = {isa = PBXFileReference; lastKnownFileType = sourcecode.swift; path = CommentCell.swift; sourceTree = "<group>"; };
		CD2ABD1D296C89FB00999905 /* CommentCell.xib */ = {isa = PBXFileReference; lastKnownFileType = file.xib; path = CommentCell.xib; sourceTree = "<group>"; };
		CD2ABD20296C8F1900999905 /* UILabel+Padding.swift */ = {isa = PBXFileReference; lastKnownFileType = sourcecode.swift; path = "UILabel+Padding.swift"; sourceTree = "<group>"; };
		CD2C992C2964680D006088D8 /* Constant.swift */ = {isa = PBXFileReference; lastKnownFileType = sourcecode.swift; path = Constant.swift; sourceTree = "<group>"; };
		CD2C992E29646A5F006088D8 /* Secret.swift */ = {isa = PBXFileReference; lastKnownFileType = sourcecode.swift; path = Secret.swift; sourceTree = "<group>"; };
		CD2C9930296472CB006088D8 /* SignUpNavigationController.swift */ = {isa = PBXFileReference; lastKnownFileType = sourcecode.swift; path = SignUpNavigationController.swift; sourceTree = "<group>"; };
		CD2C9932296473F4006088D8 /* SignUpDataManager.swift */ = {isa = PBXFileReference; lastKnownFileType = sourcecode.swift; path = SignUpDataManager.swift; sourceTree = "<group>"; };
		CD2C993429647942006088D8 /* SignUpNetworkManager.swift */ = {isa = PBXFileReference; lastKnownFileType = sourcecode.swift; path = SignUpNetworkManager.swift; sourceTree = "<group>"; };
		CD2C993629647AB7006088D8 /* UserDataModel.swift */ = {isa = PBXFileReference; lastKnownFileType = sourcecode.swift; path = UserDataModel.swift; sourceTree = "<group>"; };
		CD2C993829648E4D006088D8 /* LoginDataModel.swift */ = {isa = PBXFileReference; lastKnownFileType = sourcecode.swift; path = LoginDataModel.swift; sourceTree = "<group>"; };
		CD2C993A29648F63006088D8 /* LoginNetworkManager.swift */ = {isa = PBXFileReference; lastKnownFileType = sourcecode.swift; path = LoginNetworkManager.swift; sourceTree = "<group>"; };
		CD379C76296BBB1500E27089 /* FollowCell.swift */ = {isa = PBXFileReference; lastKnownFileType = sourcecode.swift; path = FollowCell.swift; sourceTree = "<group>"; };
		CD379C77296BBB1500E27089 /* FollowCell.xib */ = {isa = PBXFileReference; lastKnownFileType = file.xib; path = FollowCell.xib; sourceTree = "<group>"; };
		CD379C7A296C0D0B00E27089 /* FollowDataManager.swift */ = {isa = PBXFileReference; lastKnownFileType = sourcecode.swift; path = FollowDataManager.swift; sourceTree = "<group>"; };
		CD379C7C296C148D00E27089 /* FollowModel.swift */ = {isa = PBXFileReference; lastKnownFileType = sourcecode.swift; path = FollowModel.swift; sourceTree = "<group>"; };
		CD57D7462961BAFE00138449 /* FeedsModel.swift */ = {isa = PBXFileReference; lastKnownFileType = sourcecode.swift; path = FeedsModel.swift; sourceTree = "<group>"; };
		CD57D7482961BF5600138449 /* HomeDataManager.swift */ = {isa = PBXFileReference; lastKnownFileType = sourcecode.swift; path = HomeDataManager.swift; sourceTree = "<group>"; };
		CD57D74A2961C41200138449 /* UserModel.swift */ = {isa = PBXFileReference; lastKnownFileType = sourcecode.swift; path = UserModel.swift; sourceTree = "<group>"; };
		CD57D74C2961D2F600138449 /* FeedMediaCell.swift */ = {isa = PBXFileReference; lastKnownFileType = sourcecode.swift; path = FeedMediaCell.swift; sourceTree = "<group>"; };
		CD57D7512961E32000138449 /* Profile.storyboard */ = {isa = PBXFileReference; fileEncoding = 4; lastKnownFileType = file.storyboard; path = Profile.storyboard; sourceTree = "<group>"; };
		CD57D7532961E35B00138449 /* ProfileViewController.swift */ = {isa = PBXFileReference; lastKnownFileType = sourcecode.swift; path = ProfileViewController.swift; sourceTree = "<group>"; };
		CD57D7562961E42100138449 /* HomeVCDelegate.swift */ = {isa = PBXFileReference; lastKnownFileType = sourcecode.swift; path = HomeVCDelegate.swift; sourceTree = "<group>"; };
		CD57D7592961E7A700138449 /* LikeList.storyboard */ = {isa = PBXFileReference; lastKnownFileType = file.storyboard; path = LikeList.storyboard; sourceTree = "<group>"; };
		CD57D75B2961E7B200138449 /* LikeListViewController.swift */ = {isa = PBXFileReference; lastKnownFileType = sourcecode.swift; path = LikeListViewController.swift; sourceTree = "<group>"; };
		CD57D7662962742000138449 /* instagram_ios_jason.entitlements */ = {isa = PBXFileReference; lastKnownFileType = text.plist.entitlements; path = instagram_ios_jason.entitlements; sourceTree = "<group>"; };
		CD57D7682962764500138449 /* LoginViewController.swift */ = {isa = PBXFileReference; lastKnownFileType = sourcecode.swift; path = LoginViewController.swift; sourceTree = "<group>"; };
		CD57D76A2962764B00138449 /* Login.storyboard */ = {isa = PBXFileReference; lastKnownFileType = file.storyboard; path = Login.storyboard; sourceTree = "<group>"; };
		CD58A46D2962BF1C003C29F0 /* SignUpViewController.swift */ = {isa = PBXFileReference; lastKnownFileType = sourcecode.swift; path = SignUpViewController.swift; sourceTree = "<group>"; };
		CD58A46F2962CAC3003C29F0 /* CustomSkyTextField.swift */ = {isa = PBXFileReference; lastKnownFileType = sourcecode.swift; path = CustomSkyTextField.swift; sourceTree = "<group>"; };
		CD58A495296450F4003C29F0 /* FeedsDataManager.swift */ = {isa = PBXFileReference; lastKnownFileType = sourcecode.swift; path = FeedsDataManager.swift; sourceTree = "<group>"; };
		CDBAA0D229672E560019C7A5 /* PostViewController.swift */ = {isa = PBXFileReference; lastKnownFileType = sourcecode.swift; path = PostViewController.swift; sourceTree = "<group>"; };
		CDBAA0D429672E5B0019C7A5 /* Post.storyboard */ = {isa = PBXFileReference; lastKnownFileType = file.storyboard; path = Post.storyboard; sourceTree = "<group>"; };
		CDBAA0D629672E740019C7A5 /* PostModel.swift */ = {isa = PBXFileReference; lastKnownFileType = sourcecode.swift; path = PostModel.swift; sourceTree = "<group>"; };
		CDBAA0D82967308B0019C7A5 /* PostDataManager.swift */ = {isa = PBXFileReference; lastKnownFileType = sourcecode.swift; path = PostDataManager.swift; sourceTree = "<group>"; };
		CDBAA0DA2967D71A0019C7A5 /* BottomSheetViewController.swift */ = {isa = PBXFileReference; lastKnownFileType = sourcecode.swift; path = BottomSheetViewController.swift; sourceTree = "<group>"; };
		CDBAA0E4296849F10019C7A5 /* CustomMenuButton.swift */ = {isa = PBXFileReference; lastKnownFileType = sourcecode.swift; path = CustomMenuButton.swift; sourceTree = "<group>"; };
		CDCB239C2964AACE00C37717 /* ProfileInfoCell.swift */ = {isa = PBXFileReference; lastKnownFileType = sourcecode.swift; path = ProfileInfoCell.swift; sourceTree = "<group>"; };
		CDCB239D2964AACE00C37717 /* ProfileInfoCell.xib */ = {isa = PBXFileReference; lastKnownFileType = file.xib; path = ProfileInfoCell.xib; sourceTree = "<group>"; };
		CDCB23A029651E5B00C37717 /* ContentsCell.swift */ = {isa = PBXFileReference; lastKnownFileType = sourcecode.swift; path = ContentsCell.swift; sourceTree = "<group>"; };
		CDCB23A129651E5B00C37717 /* ContentsCell.xib */ = {isa = PBXFileReference; lastKnownFileType = file.xib; path = ContentsCell.xib; sourceTree = "<group>"; };
		CDCB23A42965D2AF00C37717 /* ProfileTabHeaderView.swift */ = {isa = PBXFileReference; lastKnownFileType = sourcecode.swift; path = ProfileTabHeaderView.swift; sourceTree = "<group>"; };
		CDCB23A52965D2AF00C37717 /* ProfileTabHeaderView.xib */ = {isa = PBXFileReference; lastKnownFileType = file.xib; path = ProfileTabHeaderView.xib; sourceTree = "<group>"; };
		CDCB23A82965DC0F00C37717 /* UserProfileModel.swift */ = {isa = PBXFileReference; lastKnownFileType = sourcecode.swift; path = UserProfileModel.swift; sourceTree = "<group>"; };
		CDCB23AA2965DD6B00C37717 /* ProfileDataManager.swift */ = {isa = PBXFileReference; lastKnownFileType = sourcecode.swift; path = ProfileDataManager.swift; sourceTree = "<group>"; };
		CDCB23AC2965EA1A00C37717 /* Extension ProfileVC + collectionView.swift */ = {isa = PBXFileReference; lastKnownFileType = sourcecode.swift; path = "Extension ProfileVC + collectionView.swift"; sourceTree = "<group>"; };
		CDCB23AE2965FCDC00C37717 /* ProfileVCDelegate.swift */ = {isa = PBXFileReference; lastKnownFileType = sourcecode.swift; path = ProfileVCDelegate.swift; sourceTree = "<group>"; };
		CDCB23B32965FE7800C37717 /* EditMyProfile.storyboard */ = {isa = PBXFileReference; lastKnownFileType = file.storyboard; path = EditMyProfile.storyboard; sourceTree = "<group>"; };
		CDCB23B52965FF9D00C37717 /* EditMyProfileViewController.swift */ = {isa = PBXFileReference; lastKnownFileType = sourcecode.swift; path = EditMyProfileViewController.swift; sourceTree = "<group>"; };
		CDCB23B72966030D00C37717 /* EditProfileInfoCell.swift */ = {isa = PBXFileReference; lastKnownFileType = sourcecode.swift; path = EditProfileInfoCell.swift; sourceTree = "<group>"; };
		CDCB23B929667FC000C37717 /* EditDetailViewController.swift */ = {isa = PBXFileReference; lastKnownFileType = sourcecode.swift; path = EditDetailViewController.swift; sourceTree = "<group>"; };
		CDCB23C22966BEA000C37717 /* PostEditViewController.swift */ = {isa = PBXFileReference; lastKnownFileType = sourcecode.swift; path = PostEditViewController.swift; sourceTree = "<group>"; };
		CDEC326B296085D50030E035 /* BaseViewController.swift */ = {isa = PBXFileReference; lastKnownFileType = sourcecode.swift; path = BaseViewController.swift; sourceTree = "<group>"; };
		CDEC326E296086030030E035 /* IndicatorView.swift */ = {isa = PBXFileReference; fileEncoding = 4; lastKnownFileType = sourcecode.swift; path = IndicatorView.swift; sourceTree = "<group>"; };
		CDEC3270296086030030E035 /* Date.swift */ = {isa = PBXFileReference; fileEncoding = 4; lastKnownFileType = sourcecode.swift; path = Date.swift; sourceTree = "<group>"; };
		CDEC3271296086030030E035 /* UIColor.swift */ = {isa = PBXFileReference; fileEncoding = 4; lastKnownFileType = sourcecode.swift; path = UIColor.swift; sourceTree = "<group>"; };
		CDEC3272296086030030E035 /* String.swift */ = {isa = PBXFileReference; fileEncoding = 4; lastKnownFileType = sourcecode.swift; path = String.swift; sourceTree = "<group>"; };
		CDEC3273296086030030E035 /* UIButton.swift */ = {isa = PBXFileReference; fileEncoding = 4; lastKnownFileType = sourcecode.swift; path = UIButton.swift; sourceTree = "<group>"; };
		CDEC3274296086030030E035 /* UIViewController.swift */ = {isa = PBXFileReference; fileEncoding = 4; lastKnownFileType = sourcecode.swift; path = UIViewController.swift; sourceTree = "<group>"; };
		CDEC3275296086030030E035 /* UINavigationBar.swift */ = {isa = PBXFileReference; fileEncoding = 4; lastKnownFileType = sourcecode.swift; path = UINavigationBar.swift; sourceTree = "<group>"; };
		CDEC3276296086030030E035 /* UIFont.swift */ = {isa = PBXFileReference; fileEncoding = 4; lastKnownFileType = sourcecode.swift; path = UIFont.swift; sourceTree = "<group>"; };
		CDEC3277296086030030E035 /* Device.swift */ = {isa = PBXFileReference; fileEncoding = 4; lastKnownFileType = sourcecode.swift; path = Device.swift; sourceTree = "<group>"; };
		CDEC3283296087650030E035 /* HomeViewController.swift */ = {isa = PBXFileReference; lastKnownFileType = sourcecode.swift; path = HomeViewController.swift; sourceTree = "<group>"; };
		CDEC328529608FCF0030E035 /* CustomNavigationController.swift */ = {isa = PBXFileReference; lastKnownFileType = sourcecode.swift; path = CustomNavigationController.swift; sourceTree = "<group>"; };
		CDEC328829609AEC0030E035 /* CustomNaviBarItem.swift */ = {isa = PBXFileReference; lastKnownFileType = sourcecode.swift; path = CustomNaviBarItem.swift; sourceTree = "<group>"; };
		CDEC328A29609B3E0030E035 /* UIBarButtonItem.swift */ = {isa = PBXFileReference; lastKnownFileType = sourcecode.swift; path = UIBarButtonItem.swift; sourceTree = "<group>"; };
		CDEC3293296121750030E035 /* FeedCell.swift */ = {isa = PBXFileReference; lastKnownFileType = sourcecode.swift; path = FeedCell.swift; sourceTree = "<group>"; };
		CDEC3294296121750030E035 /* FeedCell.xib */ = {isa = PBXFileReference; lastKnownFileType = file.xib; path = FeedCell.xib; sourceTree = "<group>"; };
/* End PBXFileReference section */

/* Begin PBXFrameworksBuildPhase section */
		CD026ED7296058C300C6C359 /* Frameworks */ = {
			isa = PBXFrameworksBuildPhase;
			buildActionMask = 2147483647;
			files = (
				CD57D75F2962729500138449 /* FacebookCore in Frameworks */,
				CDFFCE6D296295340063A53B /* SkyFloatingLabelTextField in Frameworks */,
				CD237C882966E22B000BD0AD /* FirebaseStorage in Frameworks */,
				CD58A48329644F77003C29F0 /* Kingfisher in Frameworks */,
				CD57D7612962729500138449 /* FacebookGamingServices in Frameworks */,
				CD29EB372969AA89004CA667 /* Tabman in Frameworks */,
				CD58A48029644F6C003C29F0 /* Alamofire in Frameworks */,
				CD57D7652962729500138449 /* FacebookShare in Frameworks */,
				CD57D7632962729500138449 /* FacebookLogin in Frameworks */,
				CDCB23BD2966B9AF00C37717 /* YPImagePicker in Frameworks */,
				CD84BB9B2969B4CF00203285 /* SnapKit in Frameworks */,
			);
			runOnlyForDeploymentPostprocessing = 0;
		};
/* End PBXFrameworksBuildPhase section */

/* Begin PBXGroup section */
		CD026ED1296058C300C6C359 = {
			isa = PBXGroup;
			children = (
				CD026EDC296058C300C6C359 /* instagram_ios_jason */,
				CD026EDB296058C300C6C359 /* Products */,
			);
			sourceTree = "<group>";
		};
		CD026EDB296058C300C6C359 /* Products */ = {
			isa = PBXGroup;
			children = (
				CD026EDA296058C300C6C359 /* instagram_ios_jason.app */,
			);
			name = Products;
			sourceTree = "<group>";
		};
		CD026EDC296058C300C6C359 /* instagram_ios_jason */ = {
			isa = PBXGroup;
			children = (
				CD57D7662962742000138449 /* instagram_ios_jason.entitlements */,
				CDEC326D296086030030E035 /* Util */,
				CDEC3268296085A60030E035 /* Configuration */,
				CDEC3267296085A30030E035 /* Source */,
				CD026EDD296058C300C6C359 /* AppDelegate.swift */,
				CD026EDF296058C300C6C359 /* SceneDelegate.swift */,
				CD026EE6296058C400C6C359 /* Assets.xcassets */,
				CD237C892966E24E000BD0AD /* GoogleService-Info.plist */,
				CD026EEB296058C400C6C359 /* Info.plist */,
			);
			path = instagram_ios_jason;
			sourceTree = "<group>";
		};
		CD0E4F23296194F400599FFD /* Feed */ = {
			isa = PBXGroup;
			children = (
				CDEC3293296121750030E035 /* FeedCell.swift */,
				CDEC3294296121750030E035 /* FeedCell.xib */,
				CD57D74C2961D2F600138449 /* FeedMediaCell.swift */,
			);
			path = Feed;
			sourceTree = "<group>";
		};
		CD17B9BC2961952C0069B8A1 /* Story */ = {
			isa = PBXGroup;
			children = (
				CD17B9BD2961956F0069B8A1 /* StoryTableCell.swift */,
				CD17B9BE2961956F0069B8A1 /* StoryTableCell.xib */,
				CD17B9C12961964F0069B8A1 /* StoryCell.swift */,
			);
			path = Story;
			sourceTree = "<group>";
		};
		CD29EB232968609E004CA667 /* FeedMenuBottomSheet */ = {
			isa = PBXGroup;
			children = (
				CD29EB28296860EF004CA667 /* Custom */,
				CD29EB26296860C1004CA667 /* Model */,
				CD29EB24296860BC004CA667 /* View */,
				CD29EB27296860DD004CA667 /* Controller */,
			);
			path = FeedMenuBottomSheet;
			sourceTree = "<group>";
		};
		CD29EB24296860BC004CA667 /* View */ = {
			isa = PBXGroup;
			children = (
				CD29EB2B29686B49004CA667 /* FeedMenuCell.swift */,
			);
			path = View;
			sourceTree = "<group>";
		};
		CD29EB26296860C1004CA667 /* Model */ = {
			isa = PBXGroup;
			children = (
				CD29EB2929686108004CA667 /* FeedMenuModel.swift */,
				CD29EB31296880F3004CA667 /* FeedMenuDataManager.swift */,
			);
			path = Model;
			sourceTree = "<group>";
		};
		CD29EB27296860DD004CA667 /* Controller */ = {
			isa = PBXGroup;
			children = (
				CDBAA0DA2967D71A0019C7A5 /* BottomSheetViewController.swift */,
			);
			path = Controller;
			sourceTree = "<group>";
		};
		CD29EB28296860EF004CA667 /* Custom */ = {
			isa = PBXGroup;
			children = (
				CDBAA0E4296849F10019C7A5 /* CustomMenuButton.swift */,
				CD29EB2129685766004CA667 /* CenterButton.swift */,
				CD29EB2D29687A56004CA667 /* FeedMenuDelegate.swift */,
			);
			path = Custom;
			sourceTree = "<group>";
		};
		CD29EB3D2969AE3F004CA667 /* Follow */ = {
			isa = PBXGroup;
			children = (
				CD29EB3E2969AE66004CA667 /* Model */,
				CD29EB3F2969AE6C004CA667 /* View */,
				CD29EB402969AE71004CA667 /* Controller */,
			);
			path = Follow;
			sourceTree = "<group>";
		};
		CD29EB3E2969AE66004CA667 /* Model */ = {
			isa = PBXGroup;
			children = (
				CD379C7A296C0D0B00E27089 /* FollowDataManager.swift */,
				CD379C7C296C148D00E27089 /* FollowModel.swift */,
			);
			path = Model;
			sourceTree = "<group>";
		};
		CD29EB3F2969AE6C004CA667 /* View */ = {
			isa = PBXGroup;
			children = (
				CD379C76296BBB1500E27089 /* FollowCell.swift */,
				CD379C77296BBB1500E27089 /* FollowCell.xib */,
			);
			path = View;
			sourceTree = "<group>";
		};
		CD29EB402969AE71004CA667 /* Controller */ = {
			isa = PBXGroup;
			children = (
				CD29EB432969AF56004CA667 /* FollowViewController.swift */,
				CD29EB452969B083004CA667 /* FollowListViewController.swift */,
			);
			path = Controller;
			sourceTree = "<group>";
		};
		CD2ABD00296C6E3C00999905 /* Search */ = {
			isa = PBXGroup;
			children = (
				CD2ABD03296C6E4A00999905 /* Model */,
				CD2ABD02296C6E4800999905 /* View */,
				CD2ABD01296C6E4500999905 /* Controller */,
			);
			path = Search;
			sourceTree = "<group>";
		};
		CD2ABD01296C6E4500999905 /* Controller */ = {
			isa = PBXGroup;
			children = (
				CD2ABD0A296C6FD800999905 /* SearchViewController.swift */,
			);
			path = Controller;
			sourceTree = "<group>";
		};
		CD2ABD02296C6E4800999905 /* View */ = {
			isa = PBXGroup;
			children = (
				CD2ABD08296C6FCD00999905 /* Search.storyboard */,
				CD2ABD0C296C707D00999905 /* SearchResultCell.swift */,
				CD2ABD0D296C707D00999905 /* SearchResultCell.xib */,
			);
			path = View;
			sourceTree = "<group>";
		};
		CD2ABD03296C6E4A00999905 /* Model */ = {
			isa = PBXGroup;
			children = (
				CD2ABD04296C6E5800999905 /* SearchModel.swift */,
				CD2ABD06296C6ED400999905 /* SearchDataManager.swift */,
			);
			path = Model;
			sourceTree = "<group>";
		};
		CD2ABD10296C7B1900999905 /* Comment */ = {
			isa = PBXGroup;
			children = (
				CD2ABD11296C7B3900999905 /* Model */,
				CD2ABD12296C7B3E00999905 /* View */,
				CD2ABD13296C7B4400999905 /* Controller */,
			);
			path = Comment;
			sourceTree = "<group>";
		};
		CD2ABD11296C7B3900999905 /* Model */ = {
			isa = PBXGroup;
			children = (
			);
			path = Model;
			sourceTree = "<group>";
		};
		CD2ABD12296C7B3E00999905 /* View */ = {
			isa = PBXGroup;
			children = (
				CD2ABD16296C846500999905 /* Comment.storyboard */,
				CD2ABD1C296C89FB00999905 /* CommentCell.swift */,
				CD2ABD1D296C89FB00999905 /* CommentCell.xib */,
			);
			path = View;
			sourceTree = "<group>";
		};
		CD2ABD13296C7B4400999905 /* Controller */ = {
			isa = PBXGroup;
			children = (
				CD2ABD14296C845600999905 /* CommentViewController.swift */,
			);
			path = Controller;
			sourceTree = "<group>";
		};
		CD57D74E2961E29700138449 /* Profile */ = {
			isa = PBXGroup;
			children = (
				CD29EB3D2969AE3F004CA667 /* Follow */,
				CDCB23B02965FCE400C37717 /* CustomDelegate */,
				CD58A47129632560003C29F0 /* Model */,
				CD58A47229632566003C29F0 /* View */,
				CD58A4732963256B003C29F0 /* Controller */,
			);
			path = Profile;
			sourceTree = "<group>";
		};
		CD57D7552961E3FC00138449 /* CustomDelegate */ = {
			isa = PBXGroup;
			children = (
				CD57D7562961E42100138449 /* HomeVCDelegate.swift */,
			);
			path = CustomDelegate;
			sourceTree = "<group>";
		};
		CD57D7582961E77B00138449 /* LikeList */ = {
			isa = PBXGroup;
			children = (
				CD58A47629632597003C29F0 /* Model */,
				CD58A47529632595003C29F0 /* View */,
				CD58A47429632592003C29F0 /* Controller */,
			);
			path = LikeList;
			sourceTree = "<group>";
		};
		CD57D7672962762600138449 /* Login */ = {
			isa = PBXGroup;
			children = (
				CD58A479296325B2003C29F0 /* Model */,
				CD58A478296325AF003C29F0 /* View */,
				CD58A477296325AD003C29F0 /* Controller */,
			);
			path = Login;
			sourceTree = "<group>";
		};
		CD58A47129632560003C29F0 /* Model */ = {
			isa = PBXGroup;
			children = (
				CDCB23A82965DC0F00C37717 /* UserProfileModel.swift */,
				CDCB23AA2965DD6B00C37717 /* ProfileDataManager.swift */,
			);
			path = Model;
			sourceTree = "<group>";
		};
		CD58A47229632566003C29F0 /* View */ = {
			isa = PBXGroup;
			children = (
				CD57D7512961E32000138449 /* Profile.storyboard */,
				CDCB23B32965FE7800C37717 /* EditMyProfile.storyboard */,
				CDCB23B12965FE4B00C37717 /* Nib */,
				CDCB23B22965FE6400C37717 /* Cell */,
			);
			path = View;
			sourceTree = "<group>";
		};
		CD58A4732963256B003C29F0 /* Controller */ = {
			isa = PBXGroup;
			children = (
				CD57D7532961E35B00138449 /* ProfileViewController.swift */,
				CDCB23AC2965EA1A00C37717 /* Extension ProfileVC + collectionView.swift */,
				CDCB23B52965FF9D00C37717 /* EditMyProfileViewController.swift */,
				CDCB23B929667FC000C37717 /* EditDetailViewController.swift */,
			);
			path = Controller;
			sourceTree = "<group>";
		};
		CD58A47429632592003C29F0 /* Controller */ = {
			isa = PBXGroup;
			children = (
				CD57D75B2961E7B200138449 /* LikeListViewController.swift */,
			);
			path = Controller;
			sourceTree = "<group>";
		};
		CD58A47529632595003C29F0 /* View */ = {
			isa = PBXGroup;
			children = (
				CD57D7592961E7A700138449 /* LikeList.storyboard */,
			);
			path = View;
			sourceTree = "<group>";
		};
		CD58A47629632597003C29F0 /* Model */ = {
			isa = PBXGroup;
			children = (
			);
			path = Model;
			sourceTree = "<group>";
		};
		CD58A477296325AD003C29F0 /* Controller */ = {
			isa = PBXGroup;
			children = (
				CD57D7682962764500138449 /* LoginViewController.swift */,
			);
			path = Controller;
			sourceTree = "<group>";
		};
		CD58A478296325AF003C29F0 /* View */ = {
			isa = PBXGroup;
			children = (
				CD57D76A2962764B00138449 /* Login.storyboard */,
			);
			path = View;
			sourceTree = "<group>";
		};
		CD58A479296325B2003C29F0 /* Model */ = {
			isa = PBXGroup;
			children = (
				CD2C993829648E4D006088D8 /* LoginDataModel.swift */,
				CD2C993A29648F63006088D8 /* LoginNetworkManager.swift */,
			);
			path = Model;
			sourceTree = "<group>";
		};
		CD58A47A296325D2003C29F0 /* Controller */ = {
			isa = PBXGroup;
			children = (
				CD58A46D2962BF1C003C29F0 /* SignUpViewController.swift */,
				CD2C9930296472CB006088D8 /* SignUpNavigationController.swift */,
			);
			path = Controller;
			sourceTree = "<group>";
		};
		CD58A47B296325D7003C29F0 /* View */ = {
			isa = PBXGroup;
			children = (
			);
			path = View;
			sourceTree = "<group>";
		};
		CD58A47C296325DA003C29F0 /* Model */ = {
			isa = PBXGroup;
			children = (
				CD2C9932296473F4006088D8 /* SignUpDataManager.swift */,
				CD2C993429647942006088D8 /* SignUpNetworkManager.swift */,
				CD2C993629647AB7006088D8 /* UserDataModel.swift */,
			);
			path = Model;
			sourceTree = "<group>";
		};
		CD58A47D2963265F003C29F0 /* NewPost */ = {
			isa = PBXGroup;
			children = (
				CDCB23C82966C61000C37717 /* Model */,
				CDCB23C72966C60E00C37717 /* View */,
				CDCB23C62966C60C00C37717 /* Controller */,
			);
			path = NewPost;
			sourceTree = "<group>";
		};
		CDBAA0CE29672DF60019C7A5 /* Post */ = {
			isa = PBXGroup;
			children = (
				CDBAA0D129672E0A0019C7A5 /* Model */,
				CDBAA0D029672E070019C7A5 /* View */,
				CDBAA0CF29672E050019C7A5 /* Controller */,
			);
			path = Post;
			sourceTree = "<group>";
		};
		CDBAA0CF29672E050019C7A5 /* Controller */ = {
			isa = PBXGroup;
			children = (
				CDBAA0D229672E560019C7A5 /* PostViewController.swift */,
			);
			path = Controller;
			sourceTree = "<group>";
		};
		CDBAA0D029672E070019C7A5 /* View */ = {
			isa = PBXGroup;
			children = (
				CDBAA0D429672E5B0019C7A5 /* Post.storyboard */,
			);
			path = View;
			sourceTree = "<group>";
		};
		CDBAA0D129672E0A0019C7A5 /* Model */ = {
			isa = PBXGroup;
			children = (
				CDBAA0D629672E740019C7A5 /* PostModel.swift */,
				CDBAA0D82967308B0019C7A5 /* PostDataManager.swift */,
				CD29EB33296887C1004CA667 /* PostViewDelegate.swift */,
			);
			path = Model;
			sourceTree = "<group>";
		};
		CDCB23B02965FCE400C37717 /* CustomDelegate */ = {
			isa = PBXGroup;
			children = (
				CDCB23AE2965FCDC00C37717 /* ProfileVCDelegate.swift */,
			);
			path = CustomDelegate;
			sourceTree = "<group>";
		};
		CDCB23B12965FE4B00C37717 /* Nib */ = {
			isa = PBXGroup;
			children = (
				CDCB239D2964AACE00C37717 /* ProfileInfoCell.xib */,
				CDCB23A129651E5B00C37717 /* ContentsCell.xib */,
				CDCB23A52965D2AF00C37717 /* ProfileTabHeaderView.xib */,
			);
			path = Nib;
			sourceTree = "<group>";
		};
		CDCB23B22965FE6400C37717 /* Cell */ = {
			isa = PBXGroup;
			children = (
				CDCB239C2964AACE00C37717 /* ProfileInfoCell.swift */,
				CDCB23A029651E5B00C37717 /* ContentsCell.swift */,
				CDCB23A42965D2AF00C37717 /* ProfileTabHeaderView.swift */,
				CDCB23B72966030D00C37717 /* EditProfileInfoCell.swift */,
			);
			path = Cell;
			sourceTree = "<group>";
		};
		CDCB23C62966C60C00C37717 /* Controller */ = {
			isa = PBXGroup;
			children = (
				CDCB23C22966BEA000C37717 /* PostEditViewController.swift */,
			);
			path = Controller;
			sourceTree = "<group>";
		};
		CDCB23C72966C60E00C37717 /* View */ = {
			isa = PBXGroup;
			children = (
				CD237C802966C6B2000BD0AD /* PostEdit.storyboard */,
			);
			path = View;
			sourceTree = "<group>";
		};
		CDCB23C82966C61000C37717 /* Model */ = {
			isa = PBXGroup;
			children = (
				CD237C822966C6C6000BD0AD /* NewPostModel.swift */,
				CD237C842966C759000BD0AD /* NewPostDataManager.swift */,
			);
			path = Model;
			sourceTree = "<group>";
		};
		CDEC3267296085A30030E035 /* Source */ = {
			isa = PBXGroup;
			children = (
				CD026EE3296058C300C6C359 /* Main.storyboard */,
				CD2ABD10296C7B1900999905 /* Comment */,
				CD2ABD00296C6E3C00999905 /* Search */,
				CD57D7672962762600138449 /* Login */,
				CDFFCE6A296292D20063A53B /* SignUp */,
				CDEC32822960867C0030E035 /* Home */,
				CD57D74E2961E29700138449 /* Profile */,
				CDBAA0CE29672DF60019C7A5 /* Post */,
				CD58A47D2963265F003C29F0 /* NewPost */,
				CD29EB232968609E004CA667 /* FeedMenuBottomSheet */,
				CD57D7582961E77B00138449 /* LikeList */,
			);
			path = Source;
			sourceTree = "<group>";
		};
		CDEC3268296085A60030E035 /* Configuration */ = {
			isa = PBXGroup;
			children = (
				CDEC3269296085B10030E035 /* Secret */,
				CDEC326A296085BB0030E035 /* Base */,
				CD2C992C2964680D006088D8 /* Constant.swift */,
			);
			path = Configuration;
			sourceTree = "<group>";
		};
		CDEC3269296085B10030E035 /* Secret */ = {
			isa = PBXGroup;
			children = (
				CD2C992E29646A5F006088D8 /* Secret.swift */,
			);
			path = Secret;
			sourceTree = "<group>";
		};
		CDEC326A296085BB0030E035 /* Base */ = {
			isa = PBXGroup;
			children = (
				CDEC326B296085D50030E035 /* BaseViewController.swift */,
			);
			path = Base;
			sourceTree = "<group>";
		};
		CDEC326D296086030030E035 /* Util */ = {
			isa = PBXGroup;
			children = (
				CD237C8B2966E36E000BD0AD /* FirebaseManager.swift */,
				CDEC326E296086030030E035 /* IndicatorView.swift */,
				CDEC3277296086030030E035 /* Device.swift */,
				CDEC326F296086030030E035 /* Extension */,
				CDEC328729609AC60030E035 /* Custom */,
				CDEC3281296086640030E035 /* Splash */,
				CD29EB2F29687F47004CA667 /* ToastNoti.swift */,
			);
			path = Util;
			sourceTree = "<group>";
		};
		CDEC326F296086030030E035 /* Extension */ = {
			isa = PBXGroup;
			children = (
				CDEC3270296086030030E035 /* Date.swift */,
				CDEC3271296086030030E035 /* UIColor.swift */,
				CDEC3272296086030030E035 /* String.swift */,
				CDEC3273296086030030E035 /* UIButton.swift */,
				CDEC3274296086030030E035 /* UIViewController.swift */,
				CDEC3275296086030030E035 /* UINavigationBar.swift */,
				CDEC3276296086030030E035 /* UIFont.swift */,
				CDEC328A29609B3E0030E035 /* UIBarButtonItem.swift */,
			);
			path = Extension;
			sourceTree = "<group>";
		};
		CDEC3281296086640030E035 /* Splash */ = {
			isa = PBXGroup;
			children = (
				CD026EE8296058C400C6C359 /* LaunchScreen.storyboard */,
			);
			path = Splash;
			sourceTree = "<group>";
		};
		CDEC32822960867C0030E035 /* Home */ = {
			isa = PBXGroup;
			children = (
				CD57D7552961E3FC00138449 /* CustomDelegate */,
				CDEC328E2960A25B0030E035 /* Model */,
				CDEC328D2960A2580030E035 /* View */,
				CDEC328C2960A2550030E035 /* Controller */,
			);
			path = Home;
			sourceTree = "<group>";
		};
		CDEC328729609AC60030E035 /* Custom */ = {
			isa = PBXGroup;
			children = (
				CDEC328829609AEC0030E035 /* CustomNaviBarItem.swift */,
				CDEC328529608FCF0030E035 /* CustomNavigationController.swift */,
				CD58A46F2962CAC3003C29F0 /* CustomSkyTextField.swift */,
				CD2ABD20296C8F1900999905 /* UILabel+Padding.swift */,
			);
			path = Custom;
			sourceTree = "<group>";
		};
		CDEC328C2960A2550030E035 /* Controller */ = {
			isa = PBXGroup;
			children = (
				CDEC3283296087650030E035 /* HomeViewController.swift */,
			);
			path = Controller;
			sourceTree = "<group>";
		};
		CDEC328D2960A2580030E035 /* View */ = {
			isa = PBXGroup;
			children = (
				CD17B9BC2961952C0069B8A1 /* Story */,
				CD0E4F23296194F400599FFD /* Feed */,
			);
			path = View;
			sourceTree = "<group>";
		};
		CDEC328E2960A25B0030E035 /* Model */ = {
			isa = PBXGroup;
			children = (
				CD57D74A2961C41200138449 /* UserModel.swift */,
				CD57D7482961BF5600138449 /* HomeDataManager.swift */,
				CD57D7462961BAFE00138449 /* FeedsModel.swift */,
				CD58A495296450F4003C29F0 /* FeedsDataManager.swift */,
			);
			path = Model;
			sourceTree = "<group>";
		};
		CDFFCE6A296292D20063A53B /* SignUp */ = {
			isa = PBXGroup;
			children = (
				CD58A47C296325DA003C29F0 /* Model */,
				CD58A47B296325D7003C29F0 /* View */,
				CD58A47A296325D2003C29F0 /* Controller */,
			);
			path = SignUp;
			sourceTree = "<group>";
		};
/* End PBXGroup section */

/* Begin PBXNativeTarget section */
		CD026ED9296058C300C6C359 /* instagram_ios_jason */ = {
			isa = PBXNativeTarget;
			buildConfigurationList = CD026EEE296058C400C6C359 /* Build configuration list for PBXNativeTarget "instagram_ios_jason" */;
			buildPhases = (
				CD026ED6296058C300C6C359 /* Sources */,
				CD026ED7296058C300C6C359 /* Frameworks */,
				CD026ED8296058C300C6C359 /* Resources */,
			);
			buildRules = (
			);
			dependencies = (
			);
			name = instagram_ios_jason;
			packageProductDependencies = (
				CD57D75E2962729500138449 /* FacebookCore */,
				CD57D7602962729500138449 /* FacebookGamingServices */,
				CD57D7622962729500138449 /* FacebookLogin */,
				CD57D7642962729500138449 /* FacebookShare */,
				CDFFCE6C296295340063A53B /* SkyFloatingLabelTextField */,
				CD58A47F29644F6C003C29F0 /* Alamofire */,
				CD58A48229644F77003C29F0 /* Kingfisher */,
				CDCB23BC2966B9AF00C37717 /* YPImagePicker */,
				CD237C872966E22B000BD0AD /* FirebaseStorage */,
				CD29EB362969AA89004CA667 /* Tabman */,
				CD84BB9A2969B4CF00203285 /* SnapKit */,
			);
			productName = instagram_ios_jason;
			productReference = CD026EDA296058C300C6C359 /* instagram_ios_jason.app */;
			productType = "com.apple.product-type.application";
		};
/* End PBXNativeTarget section */

/* Begin PBXProject section */
		CD026ED2296058C300C6C359 /* Project object */ = {
			isa = PBXProject;
			attributes = {
				BuildIndependentTargetsInParallel = 1;
				LastSwiftUpdateCheck = 1410;
				LastUpgradeCheck = 1410;
				TargetAttributes = {
					CD026ED9296058C300C6C359 = {
						CreatedOnToolsVersion = 14.1;
					};
				};
			};
			buildConfigurationList = CD026ED5296058C300C6C359 /* Build configuration list for PBXProject "instagram_ios_jason" */;
			compatibilityVersion = "Xcode 14.0";
			developmentRegion = en;
			hasScannedForEncodings = 0;
			knownRegions = (
				en,
				Base,
			);
			mainGroup = CD026ED1296058C300C6C359;
			packageReferences = (
				CD57D75D2962729500138449 /* XCRemoteSwiftPackageReference "facebook-ios-sdk" */,
				CDFFCE6B296295340063A53B /* XCRemoteSwiftPackageReference "SkyFloatingLabelTextField" */,
				CD58A47E29644F6C003C29F0 /* XCRemoteSwiftPackageReference "Alamofire" */,
				CD58A48129644F77003C29F0 /* XCRemoteSwiftPackageReference "Kingfisher" */,
				CDCB23BB2966B9AF00C37717 /* XCRemoteSwiftPackageReference "YPImagePicker" */,
				CD237C862966E22B000BD0AD /* XCRemoteSwiftPackageReference "firebase-ios-sdk" */,
				CD29EB352969AA89004CA667 /* XCRemoteSwiftPackageReference "Tabman" */,
				CD84BB992969B4CF00203285 /* XCRemoteSwiftPackageReference "SnapKit" */,
			);
			productRefGroup = CD026EDB296058C300C6C359 /* Products */;
			projectDirPath = "";
			projectRoot = "";
			targets = (
				CD026ED9296058C300C6C359 /* instagram_ios_jason */,
			);
		};
/* End PBXProject section */

/* Begin PBXResourcesBuildPhase section */
		CD026ED8296058C300C6C359 /* Resources */ = {
			isa = PBXResourcesBuildPhase;
			buildActionMask = 2147483647;
			files = (
				CD57D76B2962764B00138449 /* Login.storyboard in Resources */,
				CDCB23A329651E5B00C37717 /* ContentsCell.xib in Resources */,
				CD57D7522961E32000138449 /* Profile.storyboard in Resources */,
				CDCB239F2964AACE00C37717 /* ProfileInfoCell.xib in Resources */,
				CD2ABD0F296C707D00999905 /* SearchResultCell.xib in Resources */,
				CDCB23B42965FE7800C37717 /* EditMyProfile.storyboard in Resources */,
				CDCB23A72965D2AF00C37717 /* ProfileTabHeaderView.xib in Resources */,
				CD2ABD17296C846500999905 /* Comment.storyboard in Resources */,
				CD57D75A2961E7A700138449 /* LikeList.storyboard in Resources */,
				CD17B9C02961956F0069B8A1 /* StoryTableCell.xib in Resources */,
				CD379C79296BBB1500E27089 /* FollowCell.xib in Resources */,
				CD026EEA296058C400C6C359 /* LaunchScreen.storyboard in Resources */,
				CD026EE7296058C400C6C359 /* Assets.xcassets in Resources */,
				CD026EE5296058C300C6C359 /* Main.storyboard in Resources */,
				CD237C812966C6B2000BD0AD /* PostEdit.storyboard in Resources */,
				CD2ABD1F296C89FB00999905 /* CommentCell.xib in Resources */,
				CDEC3296296121750030E035 /* FeedCell.xib in Resources */,
				CDBAA0D529672E5B0019C7A5 /* Post.storyboard in Resources */,
				CD2ABD09296C6FCD00999905 /* Search.storyboard in Resources */,
				CD237C8A2966E24E000BD0AD /* GoogleService-Info.plist in Resources */,
			);
			runOnlyForDeploymentPostprocessing = 0;
		};
/* End PBXResourcesBuildPhase section */

/* Begin PBXSourcesBuildPhase section */
		CD026ED6296058C300C6C359 /* Sources */ = {
			isa = PBXSourcesBuildPhase;
			buildActionMask = 2147483647;
			files = (
				CD237C8C2966E36E000BD0AD /* FirebaseManager.swift in Sources */,
				CD237C852966C759000BD0AD /* NewPostDataManager.swift in Sources */,
				CD17B9BF2961956F0069B8A1 /* StoryTableCell.swift in Sources */,
				CD2C993929648E4D006088D8 /* LoginDataModel.swift in Sources */,
				CD2ABD15296C845600999905 /* CommentViewController.swift in Sources */,
				CD2ABD1E296C89FB00999905 /* CommentCell.swift in Sources */,
				CDEC3280296086030030E035 /* Device.swift in Sources */,
				CD2C9931296472CB006088D8 /* SignUpNavigationController.swift in Sources */,
				CD379C7B296C0D0B00E27089 /* FollowDataManager.swift in Sources */,
				CD29EB2229685766004CA667 /* CenterButton.swift in Sources */,
				CD2ABD07296C6ED400999905 /* SearchDataManager.swift in Sources */,
				CDEC327A296086030030E035 /* UIColor.swift in Sources */,
				CDEC3279296086030030E035 /* Date.swift in Sources */,
				CDEC326C296085D50030E035 /* BaseViewController.swift in Sources */,
				CDEC3284296087650030E035 /* HomeViewController.swift in Sources */,
				CD57D7542961E35B00138449 /* ProfileViewController.swift in Sources */,
				CDEC327D296086030030E035 /* UIViewController.swift in Sources */,
				CD29EB34296887C1004CA667 /* PostViewDelegate.swift in Sources */,
				CD57D7472961BAFE00138449 /* FeedsModel.swift in Sources */,
				CDCB23A229651E5B00C37717 /* ContentsCell.swift in Sources */,
				CD58A496296450F4003C29F0 /* FeedsDataManager.swift in Sources */,
				CD379C78296BBB1500E27089 /* FollowCell.swift in Sources */,
				CDBAA0DB2967D71A0019C7A5 /* BottomSheetViewController.swift in Sources */,
				CD2ABD0E296C707D00999905 /* SearchResultCell.swift in Sources */,
				CDEC328629608FCF0030E035 /* CustomNavigationController.swift in Sources */,
				CD026EDE296058C300C6C359 /* AppDelegate.swift in Sources */,
				CD57D7572961E42100138449 /* HomeVCDelegate.swift in Sources */,
				CDCB23A92965DC0F00C37717 /* UserProfileModel.swift in Sources */,
				CDBAA0D92967308B0019C7A5 /* PostDataManager.swift in Sources */,
				CDBAA0D729672E740019C7A5 /* PostModel.swift in Sources */,
				CD2C992F29646A5F006088D8 /* Secret.swift in Sources */,
				CDCB23AD2965EA1A00C37717 /* Extension ProfileVC + collectionView.swift in Sources */,
				CD29EB32296880F3004CA667 /* FeedMenuDataManager.swift in Sources */,
				CD57D74B2961C41200138449 /* UserModel.swift in Sources */,
				CD2ABD21296C8F1900999905 /* UILabel+Padding.swift in Sources */,
				CDBAA0D329672E560019C7A5 /* PostViewController.swift in Sources */,
				CD2C992D2964680D006088D8 /* Constant.swift in Sources */,
				CDCB23B82966030D00C37717 /* EditProfileInfoCell.swift in Sources */,
				CDCB23AB2965DD6B00C37717 /* ProfileDataManager.swift in Sources */,
				CD2C993B29648F63006088D8 /* LoginNetworkManager.swift in Sources */,
				CD2C9933296473F4006088D8 /* SignUpDataManager.swift in Sources */,
				CD57D74D2961D2F600138449 /* FeedMediaCell.swift in Sources */,
				CDCB23C32966BEA000C37717 /* PostEditViewController.swift in Sources */,
				CD57D7692962764500138449 /* LoginViewController.swift in Sources */,
				CD29EB442969AF56004CA667 /* FollowViewController.swift in Sources */,
				CD57D7492961BF5600138449 /* HomeDataManager.swift in Sources */,
				CD58A46E2962BF1C003C29F0 /* SignUpViewController.swift in Sources */,
				CD026EE0296058C300C6C359 /* SceneDelegate.swift in Sources */,
				CD379C7D296C148D00E27089 /* FollowModel.swift in Sources */,
				CDEC328929609AEC0030E035 /* CustomNaviBarItem.swift in Sources */,
				CD57D75C2961E7B200138449 /* LikeListViewController.swift in Sources */,
				CDEC327B296086030030E035 /* String.swift in Sources */,
				CD237C832966C6C6000BD0AD /* NewPostModel.swift in Sources */,
				CDCB23BA29667FC000C37717 /* EditDetailViewController.swift in Sources */,
				CDCB23AF2965FCDC00C37717 /* ProfileVCDelegate.swift in Sources */,
				CDCB23A62965D2AF00C37717 /* ProfileTabHeaderView.swift in Sources */,
				CD17B9C22961964F0069B8A1 /* StoryCell.swift in Sources */,
				CD29EB2C29686B49004CA667 /* FeedMenuCell.swift in Sources */,
				CD2ABD05296C6E5800999905 /* SearchModel.swift in Sources */,
				CDCB239E2964AACE00C37717 /* ProfileInfoCell.swift in Sources */,
				CD29EB2E29687A56004CA667 /* FeedMenuDelegate.swift in Sources */,
				CD29EB2A29686108004CA667 /* FeedMenuModel.swift in Sources */,
				CDEC327F296086030030E035 /* UIFont.swift in Sources */,
				CDEC3278296086030030E035 /* IndicatorView.swift in Sources */,
				CDEC327E296086030030E035 /* UINavigationBar.swift in Sources */,
				CD58A4702962CAC3003C29F0 /* CustomSkyTextField.swift in Sources */,
				CDBAA0E5296849F10019C7A5 /* CustomMenuButton.swift in Sources */,
				CD29EB3029687F47004CA667 /* ToastNoti.swift in Sources */,
				CDCB23B62965FF9D00C37717 /* EditMyProfileViewController.swift in Sources */,
				CD2C993529647942006088D8 /* SignUpNetworkManager.swift in Sources */,
				CD2ABD0B296C6FD800999905 /* SearchViewController.swift in Sources */,
				CDEC328B29609B3E0030E035 /* UIBarButtonItem.swift in Sources */,
				CDEC327C296086030030E035 /* UIButton.swift in Sources */,
				CD29EB462969B083004CA667 /* FollowListViewController.swift in Sources */,
				CD2C993729647AB7006088D8 /* UserDataModel.swift in Sources */,
				CDEC3295296121750030E035 /* FeedCell.swift in Sources */,
			);
			runOnlyForDeploymentPostprocessing = 0;
		};
/* End PBXSourcesBuildPhase section */

/* Begin PBXVariantGroup section */
		CD026EE3296058C300C6C359 /* Main.storyboard */ = {
			isa = PBXVariantGroup;
			children = (
				CD026EE4296058C300C6C359 /* Base */,
			);
			name = Main.storyboard;
			sourceTree = "<group>";
		};
		CD026EE8296058C400C6C359 /* LaunchScreen.storyboard */ = {
			isa = PBXVariantGroup;
			children = (
				CD026EE9296058C400C6C359 /* Base */,
			);
			name = LaunchScreen.storyboard;
			sourceTree = "<group>";
		};
/* End PBXVariantGroup section */

/* Begin XCBuildConfiguration section */
		CD026EEC296058C400C6C359 /* Debug */ = {
			isa = XCBuildConfiguration;
			buildSettings = {
				ALWAYS_SEARCH_USER_PATHS = NO;
				CLANG_ANALYZER_NONNULL = YES;
				CLANG_ANALYZER_NUMBER_OBJECT_CONVERSION = YES_AGGRESSIVE;
				CLANG_CXX_LANGUAGE_STANDARD = "gnu++20";
				CLANG_ENABLE_MODULES = YES;
				CLANG_ENABLE_OBJC_ARC = YES;
				CLANG_ENABLE_OBJC_WEAK = YES;
				CLANG_WARN_BLOCK_CAPTURE_AUTORELEASING = YES;
				CLANG_WARN_BOOL_CONVERSION = YES;
				CLANG_WARN_COMMA = YES;
				CLANG_WARN_CONSTANT_CONVERSION = YES;
				CLANG_WARN_DEPRECATED_OBJC_IMPLEMENTATIONS = YES;
				CLANG_WARN_DIRECT_OBJC_ISA_USAGE = YES_ERROR;
				CLANG_WARN_DOCUMENTATION_COMMENTS = YES;
				CLANG_WARN_EMPTY_BODY = YES;
				CLANG_WARN_ENUM_CONVERSION = YES;
				CLANG_WARN_INFINITE_RECURSION = YES;
				CLANG_WARN_INT_CONVERSION = YES;
				CLANG_WARN_NON_LITERAL_NULL_CONVERSION = YES;
				CLANG_WARN_OBJC_IMPLICIT_RETAIN_SELF = YES;
				CLANG_WARN_OBJC_LITERAL_CONVERSION = YES;
				CLANG_WARN_OBJC_ROOT_CLASS = YES_ERROR;
				CLANG_WARN_QUOTED_INCLUDE_IN_FRAMEWORK_HEADER = YES;
				CLANG_WARN_RANGE_LOOP_ANALYSIS = YES;
				CLANG_WARN_STRICT_PROTOTYPES = YES;
				CLANG_WARN_SUSPICIOUS_MOVE = YES;
				CLANG_WARN_UNGUARDED_AVAILABILITY = YES_AGGRESSIVE;
				CLANG_WARN_UNREACHABLE_CODE = YES;
				CLANG_WARN__DUPLICATE_METHOD_MATCH = YES;
				COPY_PHASE_STRIP = NO;
				DEBUG_INFORMATION_FORMAT = dwarf;
				ENABLE_STRICT_OBJC_MSGSEND = YES;
				ENABLE_TESTABILITY = YES;
				GCC_C_LANGUAGE_STANDARD = gnu11;
				GCC_DYNAMIC_NO_PIC = NO;
				GCC_NO_COMMON_BLOCKS = YES;
				GCC_OPTIMIZATION_LEVEL = 0;
				GCC_PREPROCESSOR_DEFINITIONS = (
					"DEBUG=1",
					"$(inherited)",
				);
				GCC_WARN_64_TO_32_BIT_CONVERSION = YES;
				GCC_WARN_ABOUT_RETURN_TYPE = YES_ERROR;
				GCC_WARN_UNDECLARED_SELECTOR = YES;
				GCC_WARN_UNINITIALIZED_AUTOS = YES_AGGRESSIVE;
				GCC_WARN_UNUSED_FUNCTION = YES;
				GCC_WARN_UNUSED_VARIABLE = YES;
				IPHONEOS_DEPLOYMENT_TARGET = 14.0;
				MTL_ENABLE_DEBUG_INFO = INCLUDE_SOURCE;
				MTL_FAST_MATH = YES;
				ONLY_ACTIVE_ARCH = YES;
				SDKROOT = iphoneos;
				SWIFT_ACTIVE_COMPILATION_CONDITIONS = DEBUG;
				SWIFT_OPTIMIZATION_LEVEL = "-Onone";
			};
			name = Debug;
		};
		CD026EED296058C400C6C359 /* Release */ = {
			isa = XCBuildConfiguration;
			buildSettings = {
				ALWAYS_SEARCH_USER_PATHS = NO;
				CLANG_ANALYZER_NONNULL = YES;
				CLANG_ANALYZER_NUMBER_OBJECT_CONVERSION = YES_AGGRESSIVE;
				CLANG_CXX_LANGUAGE_STANDARD = "gnu++20";
				CLANG_ENABLE_MODULES = YES;
				CLANG_ENABLE_OBJC_ARC = YES;
				CLANG_ENABLE_OBJC_WEAK = YES;
				CLANG_WARN_BLOCK_CAPTURE_AUTORELEASING = YES;
				CLANG_WARN_BOOL_CONVERSION = YES;
				CLANG_WARN_COMMA = YES;
				CLANG_WARN_CONSTANT_CONVERSION = YES;
				CLANG_WARN_DEPRECATED_OBJC_IMPLEMENTATIONS = YES;
				CLANG_WARN_DIRECT_OBJC_ISA_USAGE = YES_ERROR;
				CLANG_WARN_DOCUMENTATION_COMMENTS = YES;
				CLANG_WARN_EMPTY_BODY = YES;
				CLANG_WARN_ENUM_CONVERSION = YES;
				CLANG_WARN_INFINITE_RECURSION = YES;
				CLANG_WARN_INT_CONVERSION = YES;
				CLANG_WARN_NON_LITERAL_NULL_CONVERSION = YES;
				CLANG_WARN_OBJC_IMPLICIT_RETAIN_SELF = YES;
				CLANG_WARN_OBJC_LITERAL_CONVERSION = YES;
				CLANG_WARN_OBJC_ROOT_CLASS = YES_ERROR;
				CLANG_WARN_QUOTED_INCLUDE_IN_FRAMEWORK_HEADER = YES;
				CLANG_WARN_RANGE_LOOP_ANALYSIS = YES;
				CLANG_WARN_STRICT_PROTOTYPES = YES;
				CLANG_WARN_SUSPICIOUS_MOVE = YES;
				CLANG_WARN_UNGUARDED_AVAILABILITY = YES_AGGRESSIVE;
				CLANG_WARN_UNREACHABLE_CODE = YES;
				CLANG_WARN__DUPLICATE_METHOD_MATCH = YES;
				COPY_PHASE_STRIP = NO;
				DEBUG_INFORMATION_FORMAT = "dwarf-with-dsym";
				ENABLE_NS_ASSERTIONS = NO;
				ENABLE_STRICT_OBJC_MSGSEND = YES;
				GCC_C_LANGUAGE_STANDARD = gnu11;
				GCC_NO_COMMON_BLOCKS = YES;
				GCC_WARN_64_TO_32_BIT_CONVERSION = YES;
				GCC_WARN_ABOUT_RETURN_TYPE = YES_ERROR;
				GCC_WARN_UNDECLARED_SELECTOR = YES;
				GCC_WARN_UNINITIALIZED_AUTOS = YES_AGGRESSIVE;
				GCC_WARN_UNUSED_FUNCTION = YES;
				GCC_WARN_UNUSED_VARIABLE = YES;
				IPHONEOS_DEPLOYMENT_TARGET = 14.0;
				MTL_ENABLE_DEBUG_INFO = NO;
				MTL_FAST_MATH = YES;
				SDKROOT = iphoneos;
				SWIFT_COMPILATION_MODE = wholemodule;
				SWIFT_OPTIMIZATION_LEVEL = "-O";
				VALIDATE_PRODUCT = YES;
			};
			name = Release;
		};
		CD026EEF296058C400C6C359 /* Debug */ = {
			isa = XCBuildConfiguration;
			buildSettings = {
				ASSETCATALOG_COMPILER_APPICON_NAME = AppIcon;
				ASSETCATALOG_COMPILER_GLOBAL_ACCENT_COLOR_NAME = AccentColor;
				CODE_SIGN_ENTITLEMENTS = instagram_ios_jason/instagram_ios_jason.entitlements;
				CODE_SIGN_STYLE = Automatic;
				CURRENT_PROJECT_VERSION = 1;
				DEVELOPMENT_TEAM = 846TMZL7WC;
				GENERATE_INFOPLIST_FILE = YES;
				INFOPLIST_FILE = instagram_ios_jason/Info.plist;
				INFOPLIST_KEY_UIApplicationSupportsIndirectInputEvents = YES;
				INFOPLIST_KEY_UILaunchStoryboardName = LaunchScreen;
				INFOPLIST_KEY_UIMainStoryboardFile = Main;
				INFOPLIST_KEY_UIStatusBarStyle = UIStatusBarStyleDarkContent;
				INFOPLIST_KEY_UISupportedInterfaceOrientations = UIInterfaceOrientationPortrait;
				IPHONEOS_DEPLOYMENT_TARGET = 14.0;
				LD_RUNPATH_SEARCH_PATHS = (
					"$(inherited)",
					"@executable_path/Frameworks",
				);
				MARKETING_VERSION = 1.0;
				PRODUCT_BUNDLE_IDENTIFIER = "com.jisuKim.instagram-ios-jason";
				PRODUCT_NAME = "$(TARGET_NAME)";
				SWIFT_EMIT_LOC_STRINGS = YES;
				SWIFT_VERSION = 5.0;
				TARGETED_DEVICE_FAMILY = "1,2";
			};
			name = Debug;
		};
		CD026EF0296058C400C6C359 /* Release */ = {
			isa = XCBuildConfiguration;
			buildSettings = {
				ASSETCATALOG_COMPILER_APPICON_NAME = AppIcon;
				ASSETCATALOG_COMPILER_GLOBAL_ACCENT_COLOR_NAME = AccentColor;
				CODE_SIGN_ENTITLEMENTS = instagram_ios_jason/instagram_ios_jason.entitlements;
				CODE_SIGN_STYLE = Automatic;
				CURRENT_PROJECT_VERSION = 1;
				DEVELOPMENT_TEAM = 846TMZL7WC;
				GENERATE_INFOPLIST_FILE = YES;
				INFOPLIST_FILE = instagram_ios_jason/Info.plist;
				INFOPLIST_KEY_UIApplicationSupportsIndirectInputEvents = YES;
				INFOPLIST_KEY_UILaunchStoryboardName = LaunchScreen;
				INFOPLIST_KEY_UIMainStoryboardFile = Main;
				INFOPLIST_KEY_UIStatusBarStyle = UIStatusBarStyleDarkContent;
				INFOPLIST_KEY_UISupportedInterfaceOrientations = UIInterfaceOrientationPortrait;
				IPHONEOS_DEPLOYMENT_TARGET = 14.0;
				LD_RUNPATH_SEARCH_PATHS = (
					"$(inherited)",
					"@executable_path/Frameworks",
				);
				MARKETING_VERSION = 1.0;
				PRODUCT_BUNDLE_IDENTIFIER = "com.jisuKim.instagram-ios-jason";
				PRODUCT_NAME = "$(TARGET_NAME)";
				SWIFT_EMIT_LOC_STRINGS = YES;
				SWIFT_VERSION = 5.0;
				TARGETED_DEVICE_FAMILY = "1,2";
			};
			name = Release;
		};
/* End XCBuildConfiguration section */

/* Begin XCConfigurationList section */
		CD026ED5296058C300C6C359 /* Build configuration list for PBXProject "instagram_ios_jason" */ = {
			isa = XCConfigurationList;
			buildConfigurations = (
				CD026EEC296058C400C6C359 /* Debug */,
				CD026EED296058C400C6C359 /* Release */,
			);
			defaultConfigurationIsVisible = 0;
			defaultConfigurationName = Release;
		};
		CD026EEE296058C400C6C359 /* Build configuration list for PBXNativeTarget "instagram_ios_jason" */ = {
			isa = XCConfigurationList;
			buildConfigurations = (
				CD026EEF296058C400C6C359 /* Debug */,
				CD026EF0296058C400C6C359 /* Release */,
			);
			defaultConfigurationIsVisible = 0;
			defaultConfigurationName = Release;
		};
/* End XCConfigurationList section */

/* Begin XCRemoteSwiftPackageReference section */
		CD237C862966E22B000BD0AD /* XCRemoteSwiftPackageReference "firebase-ios-sdk" */ = {
			isa = XCRemoteSwiftPackageReference;
			repositoryURL = "https://github.com/firebase/firebase-ios-sdk";
			requirement = {
				branch = master;
				kind = branch;
			};
		};
		CD29EB352969AA89004CA667 /* XCRemoteSwiftPackageReference "Tabman" */ = {
			isa = XCRemoteSwiftPackageReference;
			repositoryURL = "https://github.com/uias/Tabman.git";
			requirement = {
				branch = main;
				kind = branch;
			};
		};
		CD57D75D2962729500138449 /* XCRemoteSwiftPackageReference "facebook-ios-sdk" */ = {
			isa = XCRemoteSwiftPackageReference;
			repositoryURL = "https://github.com/facebook/facebook-ios-sdk";
			requirement = {
				kind = upToNextMajorVersion;
				minimumVersion = 9.0.0;
			};
		};
		CD58A47E29644F6C003C29F0 /* XCRemoteSwiftPackageReference "Alamofire" */ = {
			isa = XCRemoteSwiftPackageReference;
			repositoryURL = "https://github.com/Alamofire/Alamofire.git";
			requirement = {
				kind = upToNextMajorVersion;
				minimumVersion = 5.0.0;
			};
		};
		CD58A48129644F77003C29F0 /* XCRemoteSwiftPackageReference "Kingfisher" */ = {
			isa = XCRemoteSwiftPackageReference;
			repositoryURL = "https://github.com/onevcat/Kingfisher";
			requirement = {
				kind = upToNextMajorVersion;
				minimumVersion = 7.0.0;
			};
		};
		CD84BB992969B4CF00203285 /* XCRemoteSwiftPackageReference "SnapKit" */ = {
			isa = XCRemoteSwiftPackageReference;
			repositoryURL = "https://github.com/SnapKit/SnapKit.git";
			requirement = {
				branch = develop;
				kind = branch;
			};
		};
		CDCB23BB2966B9AF00C37717 /* XCRemoteSwiftPackageReference "YPImagePicker" */ = {
			isa = XCRemoteSwiftPackageReference;
			repositoryURL = "https://github.com/Yummypets/YPImagePicker.git";
			requirement = {
				kind = upToNextMajorVersion;
				minimumVersion = 5.0.0;
			};
		};
		CDFFCE6B296295340063A53B /* XCRemoteSwiftPackageReference "SkyFloatingLabelTextField" */ = {
			isa = XCRemoteSwiftPackageReference;
			repositoryURL = "https://github.com/Skyscanner/SkyFloatingLabelTextField.git";
			requirement = {
				kind = upToNextMajorVersion;
				minimumVersion = 4.0.0;
			};
		};
/* End XCRemoteSwiftPackageReference section */

/* Begin XCSwiftPackageProductDependency section */
		CD237C872966E22B000BD0AD /* FirebaseStorage */ = {
			isa = XCSwiftPackageProductDependency;
			package = CD237C862966E22B000BD0AD /* XCRemoteSwiftPackageReference "firebase-ios-sdk" */;
			productName = FirebaseStorage;
		};
		CD29EB362969AA89004CA667 /* Tabman */ = {
			isa = XCSwiftPackageProductDependency;
			package = CD29EB352969AA89004CA667 /* XCRemoteSwiftPackageReference "Tabman" */;
			productName = Tabman;
		};
		CD57D75E2962729500138449 /* FacebookCore */ = {
			isa = XCSwiftPackageProductDependency;
			package = CD57D75D2962729500138449 /* XCRemoteSwiftPackageReference "facebook-ios-sdk" */;
			productName = FacebookCore;
		};
		CD57D7602962729500138449 /* FacebookGamingServices */ = {
			isa = XCSwiftPackageProductDependency;
			package = CD57D75D2962729500138449 /* XCRemoteSwiftPackageReference "facebook-ios-sdk" */;
			productName = FacebookGamingServices;
		};
		CD57D7622962729500138449 /* FacebookLogin */ = {
			isa = XCSwiftPackageProductDependency;
			package = CD57D75D2962729500138449 /* XCRemoteSwiftPackageReference "facebook-ios-sdk" */;
			productName = FacebookLogin;
		};
		CD57D7642962729500138449 /* FacebookShare */ = {
			isa = XCSwiftPackageProductDependency;
			package = CD57D75D2962729500138449 /* XCRemoteSwiftPackageReference "facebook-ios-sdk" */;
			productName = FacebookShare;
		};
		CD58A47F29644F6C003C29F0 /* Alamofire */ = {
			isa = XCSwiftPackageProductDependency;
			package = CD58A47E29644F6C003C29F0 /* XCRemoteSwiftPackageReference "Alamofire" */;
			productName = Alamofire;
		};
		CD58A48229644F77003C29F0 /* Kingfisher */ = {
			isa = XCSwiftPackageProductDependency;
			package = CD58A48129644F77003C29F0 /* XCRemoteSwiftPackageReference "Kingfisher" */;
			productName = Kingfisher;
		};
		CD84BB9A2969B4CF00203285 /* SnapKit */ = {
			isa = XCSwiftPackageProductDependency;
			package = CD84BB992969B4CF00203285 /* XCRemoteSwiftPackageReference "SnapKit" */;
			productName = SnapKit;
		};
		CDCB23BC2966B9AF00C37717 /* YPImagePicker */ = {
			isa = XCSwiftPackageProductDependency;
			package = CDCB23BB2966B9AF00C37717 /* XCRemoteSwiftPackageReference "YPImagePicker" */;
			productName = YPImagePicker;
		};
		CDFFCE6C296295340063A53B /* SkyFloatingLabelTextField */ = {
			isa = XCSwiftPackageProductDependency;
			package = CDFFCE6B296295340063A53B /* XCRemoteSwiftPackageReference "SkyFloatingLabelTextField" */;
			productName = SkyFloatingLabelTextField;
		};
/* End XCSwiftPackageProductDependency section */
	};
	rootObject = CD026ED2296058C300C6C359 /* Project object */;
}
