// !$*UTF8*$!
{
	archiveVersion = 1;
	classes = {
	};
	objectVersion = 56;
	objects = {

/* Begin PBXBuildFile section */
		CD026EDE296058C300C6C359 /* AppDelegate.swift in Sources */ = {isa = PBXBuildFile; fileRef = CD026EDD296058C300C6C359 /* AppDelegate.swift */; };
		CD026EE0296058C300C6C359 /* SceneDelegate.swift in Sources */ = {isa = PBXBuildFile; fileRef = CD026EDF296058C300C6C359 /* SceneDelegate.swift */; };
		CD026EE5296058C300C6C359 /* Main.storyboard in Resources */ = {isa = PBXBuildFile; fileRef = CD026EE3296058C300C6C359 /* Main.storyboard */; };
		CD026EE7296058C400C6C359 /* Assets.xcassets in Resources */ = {isa = PBXBuildFile; fileRef = CD026EE6296058C400C6C359 /* Assets.xcassets */; };
		CD026EEA296058C400C6C359 /* LaunchScreen.storyboard in Resources */ = {isa = PBXBuildFile; fileRef = CD026EE8296058C400C6C359 /* LaunchScreen.storyboard */; };
		CDEC326C296085D50030E035 /* BaseViewController.swift in Sources */ = {isa = PBXBuildFile; fileRef = CDEC326B296085D50030E035 /* BaseViewController.swift */; };
		CDEC3278296086030030E035 /* IndicatorView.swift in Sources */ = {isa = PBXBuildFile; fileRef = CDEC326E296086030030E035 /* IndicatorView.swift */; };
		CDEC3279296086030030E035 /* Date.swift in Sources */ = {isa = PBXBuildFile; fileRef = CDEC3270296086030030E035 /* Date.swift */; };
		CDEC327A296086030030E035 /* UIColor.swift in Sources */ = {isa = PBXBuildFile; fileRef = CDEC3271296086030030E035 /* UIColor.swift */; };
		CDEC327B296086030030E035 /* String.swift in Sources */ = {isa = PBXBuildFile; fileRef = CDEC3272296086030030E035 /* String.swift */; };
		CDEC327C296086030030E035 /* UIButton.swift in Sources */ = {isa = PBXBuildFile; fileRef = CDEC3273296086030030E035 /* UIButton.swift */; };
		CDEC327D296086030030E035 /* UIViewController.swift in Sources */ = {isa = PBXBuildFile; fileRef = CDEC3274296086030030E035 /* UIViewController.swift */; };
		CDEC327E296086030030E035 /* UINavigationBar.swift in Sources */ = {isa = PBXBuildFile; fileRef = CDEC3275296086030030E035 /* UINavigationBar.swift */; };
		CDEC327F296086030030E035 /* UIFont.swift in Sources */ = {isa = PBXBuildFile; fileRef = CDEC3276296086030030E035 /* UIFont.swift */; };
		CDEC3280296086030030E035 /* Device.swift in Sources */ = {isa = PBXBuildFile; fileRef = CDEC3277296086030030E035 /* Device.swift */; };
		CDEC3284296087650030E035 /* HomeViewController.swift in Sources */ = {isa = PBXBuildFile; fileRef = CDEC3283296087650030E035 /* HomeViewController.swift */; };
		CDEC328629608FCF0030E035 /* CustomNavigationController.swift in Sources */ = {isa = PBXBuildFile; fileRef = CDEC328529608FCF0030E035 /* CustomNavigationController.swift */; };
		CDEC328929609AEC0030E035 /* CustomNaviBarItem.swift in Sources */ = {isa = PBXBuildFile; fileRef = CDEC328829609AEC0030E035 /* CustomNaviBarItem.swift */; };
		CDEC328B29609B3E0030E035 /* UIBarButtonItem.swift in Sources */ = {isa = PBXBuildFile; fileRef = CDEC328A29609B3E0030E035 /* UIBarButtonItem.swift */; };
/* End PBXBuildFile section */

/* Begin PBXFileReference section */
		CD026EDA296058C300C6C359 /* instagram_ios_jason.app */ = {isa = PBXFileReference; explicitFileType = wrapper.application; includeInIndex = 0; path = instagram_ios_jason.app; sourceTree = BUILT_PRODUCTS_DIR; };
		CD026EDD296058C300C6C359 /* AppDelegate.swift */ = {isa = PBXFileReference; lastKnownFileType = sourcecode.swift; path = AppDelegate.swift; sourceTree = "<group>"; };
		CD026EDF296058C300C6C359 /* SceneDelegate.swift */ = {isa = PBXFileReference; lastKnownFileType = sourcecode.swift; path = SceneDelegate.swift; sourceTree = "<group>"; };
		CD026EE4296058C300C6C359 /* Base */ = {isa = PBXFileReference; lastKnownFileType = file.storyboard; name = Base; path = Base.lproj/Main.storyboard; sourceTree = "<group>"; };
		CD026EE6296058C400C6C359 /* Assets.xcassets */ = {isa = PBXFileReference; lastKnownFileType = folder.assetcatalog; path = Assets.xcassets; sourceTree = "<group>"; };
		CD026EE9296058C400C6C359 /* Base */ = {isa = PBXFileReference; lastKnownFileType = file.storyboard; name = Base; path = Base.lproj/LaunchScreen.storyboard; sourceTree = "<group>"; };
		CD026EEB296058C400C6C359 /* Info.plist */ = {isa = PBXFileReference; lastKnownFileType = text.plist.xml; path = Info.plist; sourceTree = "<group>"; };
		CDEC326B296085D50030E035 /* BaseViewController.swift */ = {isa = PBXFileReference; lastKnownFileType = sourcecode.swift; path = BaseViewController.swift; sourceTree = "<group>"; };
		CDEC326E296086030030E035 /* IndicatorView.swift */ = {isa = PBXFileReference; fileEncoding = 4; lastKnownFileType = sourcecode.swift; path = IndicatorView.swift; sourceTree = "<group>"; };
		CDEC3270296086030030E035 /* Date.swift */ = {isa = PBXFileReference; fileEncoding = 4; lastKnownFileType = sourcecode.swift; path = Date.swift; sourceTree = "<group>"; };
		CDEC3271296086030030E035 /* UIColor.swift */ = {isa = PBXFileReference; fileEncoding = 4; lastKnownFileType = sourcecode.swift; path = UIColor.swift; sourceTree = "<group>"; };
		CDEC3272296086030030E035 /* String.swift */ = {isa = PBXFileReference; fileEncoding = 4; lastKnownFileType = sourcecode.swift; path = String.swift; sourceTree = "<group>"; };
		CDEC3273296086030030E035 /* UIButton.swift */ = {isa = PBXFileReference; fileEncoding = 4; lastKnownFileType = sourcecode.swift; path = UIButton.swift; sourceTree = "<group>"; };
		CDEC3274296086030030E035 /* UIViewController.swift */ = {isa = PBXFileReference; fileEncoding = 4; lastKnownFileType = sourcecode.swift; path = UIViewController.swift; sourceTree = "<group>"; };
		CDEC3275296086030030E035 /* UINavigationBar.swift */ = {isa = PBXFileReference; fileEncoding = 4; lastKnownFileType = sourcecode.swift; path = UINavigationBar.swift; sourceTree = "<group>"; };
		CDEC3276296086030030E035 /* UIFont.swift */ = {isa = PBXFileReference; fileEncoding = 4; lastKnownFileType = sourcecode.swift; path = UIFont.swift; sourceTree = "<group>"; };
		CDEC3277296086030030E035 /* Device.swift */ = {isa = PBXFileReference; fileEncoding = 4; lastKnownFileType = sourcecode.swift; path = Device.swift; sourceTree = "<group>"; };
		CDEC3283296087650030E035 /* HomeViewController.swift */ = {isa = PBXFileReference; lastKnownFileType = sourcecode.swift; path = HomeViewController.swift; sourceTree = "<group>"; };
		CDEC328529608FCF0030E035 /* CustomNavigationController.swift */ = {isa = PBXFileReference; lastKnownFileType = sourcecode.swift; path = CustomNavigationController.swift; sourceTree = "<group>"; };
		CDEC328829609AEC0030E035 /* CustomNaviBarItem.swift */ = {isa = PBXFileReference; lastKnownFileType = sourcecode.swift; path = CustomNaviBarItem.swift; sourceTree = "<group>"; };
		CDEC328A29609B3E0030E035 /* UIBarButtonItem.swift */ = {isa = PBXFileReference; lastKnownFileType = sourcecode.swift; path = UIBarButtonItem.swift; sourceTree = "<group>"; };
/* End PBXFileReference section */

/* Begin PBXFrameworksBuildPhase section */
		CD026ED7296058C300C6C359 /* Frameworks */ = {
			isa = PBXFrameworksBuildPhase;
			buildActionMask = 2147483647;
			files = (
			);
			runOnlyForDeploymentPostprocessing = 0;
		};
/* End PBXFrameworksBuildPhase section */

/* Begin PBXGroup section */
		CD026ED1296058C300C6C359 = {
			isa = PBXGroup;
			children = (
				CD026EDC296058C300C6C359 /* instagram_ios_jason */,
				CD026EDB296058C300C6C359 /* Products */,
			);
			sourceTree = "<group>";
		};
		CD026EDB296058C300C6C359 /* Products */ = {
			isa = PBXGroup;
			children = (
				CD026EDA296058C300C6C359 /* instagram_ios_jason.app */,
			);
			name = Products;
			sourceTree = "<group>";
		};
		CD026EDC296058C300C6C359 /* instagram_ios_jason */ = {
			isa = PBXGroup;
			children = (
				CDEC326D296086030030E035 /* Util */,
				CDEC3268296085A60030E035 /* Configuration */,
				CDEC3267296085A30030E035 /* Source */,
				CD026EDD296058C300C6C359 /* AppDelegate.swift */,
				CD026EDF296058C300C6C359 /* SceneDelegate.swift */,
				CD026EE6296058C400C6C359 /* Assets.xcassets */,
				CD026EE8296058C400C6C359 /* LaunchScreen.storyboard */,
				CD026EEB296058C400C6C359 /* Info.plist */,
			);
			path = instagram_ios_jason;
			sourceTree = "<group>";
		};
		CDEC3267296085A30030E035 /* Source */ = {
			isa = PBXGroup;
			children = (
				CD026EE3296058C300C6C359 /* Main.storyboard */,
				CDEC328529608FCF0030E035 /* CustomNavigationController.swift */,
				CDEC3281296086640030E035 /* Splash */,
				CDEC32822960867C0030E035 /* Home */,
			);
			path = Source;
			sourceTree = "<group>";
		};
		CDEC3268296085A60030E035 /* Configuration */ = {
			isa = PBXGroup;
			children = (
				CDEC3269296085B10030E035 /* Secret */,
				CDEC326A296085BB0030E035 /* Base */,
			);
			path = Configuration;
			sourceTree = "<group>";
		};
		CDEC3269296085B10030E035 /* Secret */ = {
			isa = PBXGroup;
			children = (
			);
			path = Secret;
			sourceTree = "<group>";
		};
		CDEC326A296085BB0030E035 /* Base */ = {
			isa = PBXGroup;
			children = (
				CDEC326B296085D50030E035 /* BaseViewController.swift */,
			);
			path = Base;
			sourceTree = "<group>";
		};
		CDEC326D296086030030E035 /* Util */ = {
			isa = PBXGroup;
			children = (
				CDEC326E296086030030E035 /* IndicatorView.swift */,
				CDEC3277296086030030E035 /* Device.swift */,
				CDEC326F296086030030E035 /* Extension */,
				CDEC328729609AC60030E035 /* Custom */,
			);
			path = Util;
			sourceTree = "<group>";
		};
		CDEC326F296086030030E035 /* Extension */ = {
			isa = PBXGroup;
			children = (
				CDEC3270296086030030E035 /* Date.swift */,
				CDEC3271296086030030E035 /* UIColor.swift */,
				CDEC3272296086030030E035 /* String.swift */,
				CDEC3273296086030030E035 /* UIButton.swift */,
				CDEC3274296086030030E035 /* UIViewController.swift */,
				CDEC3275296086030030E035 /* UINavigationBar.swift */,
				CDEC3276296086030030E035 /* UIFont.swift */,
				CDEC328A29609B3E0030E035 /* UIBarButtonItem.swift */,
			);
			path = Extension;
			sourceTree = "<group>";
		};
		CDEC3281296086640030E035 /* Splash */ = {
			isa = PBXGroup;
			children = (
			);
			path = Splash;
			sourceTree = "<group>";
		};
		CDEC32822960867C0030E035 /* Home */ = {
			isa = PBXGroup;
			children = (
				CDEC3283296087650030E035 /* HomeViewController.swift */,
			);
			path = Home;
			sourceTree = "<group>";
		};
		CDEC328729609AC60030E035 /* Custom */ = {
			isa = PBXGroup;
			children = (
				CDEC328829609AEC0030E035 /* CustomNaviBarItem.swift */,
			);
			path = Custom;
			sourceTree = "<group>";
		};
/* End PBXGroup section */

/* Begin PBXNativeTarget section */
		CD026ED9296058C300C6C359 /* instagram_ios_jason */ = {
			isa = PBXNativeTarget;
			buildConfigurationList = CD026EEE296058C400C6C359 /* Build configuration list for PBXNativeTarget "instagram_ios_jason" */;
			buildPhases = (
				CD026ED6296058C300C6C359 /* Sources */,
				CD026ED7296058C300C6C359 /* Frameworks */,
				CD026ED8296058C300C6C359 /* Resources */,
			);
			buildRules = (
			);
			dependencies = (
			);
			name = instagram_ios_jason;
			productName = instagram_ios_jason;
			productReference = CD026EDA296058C300C6C359 /* instagram_ios_jason.app */;
			productType = "com.apple.product-type.application";
		};
/* End PBXNativeTarget section */

/* Begin PBXProject section */
		CD026ED2296058C300C6C359 /* Project object */ = {
			isa = PBXProject;
			attributes = {
				BuildIndependentTargetsInParallel = 1;
				LastSwiftUpdateCheck = 1410;
				LastUpgradeCheck = 1410;
				TargetAttributes = {
					CD026ED9296058C300C6C359 = {
						CreatedOnToolsVersion = 14.1;
					};
				};
			};
			buildConfigurationList = CD026ED5296058C300C6C359 /* Build configuration list for PBXProject "instagram_ios_jason" */;
			compatibilityVersion = "Xcode 14.0";
			developmentRegion = en;
			hasScannedForEncodings = 0;
			knownRegions = (
				en,
				Base,
			);
			mainGroup = CD026ED1296058C300C6C359;
			productRefGroup = CD026EDB296058C300C6C359 /* Products */;
			projectDirPath = "";
			projectRoot = "";
			targets = (
				CD026ED9296058C300C6C359 /* instagram_ios_jason */,
			);
		};
/* End PBXProject section */

/* Begin PBXResourcesBuildPhase section */
		CD026ED8296058C300C6C359 /* Resources */ = {
			isa = PBXResourcesBuildPhase;
			buildActionMask = 2147483647;
			files = (
				CD026EEA296058C400C6C359 /* LaunchScreen.storyboard in Resources */,
				CD026EE7296058C400C6C359 /* Assets.xcassets in Resources */,
				CD026EE5296058C300C6C359 /* Main.storyboard in Resources */,
			);
			runOnlyForDeploymentPostprocessing = 0;
		};
/* End PBXResourcesBuildPhase section */

/* Begin PBXSourcesBuildPhase section */
		CD026ED6296058C300C6C359 /* Sources */ = {
			isa = PBXSourcesBuildPhase;
			buildActionMask = 2147483647;
			files = (
				CDEC3280296086030030E035 /* Device.swift in Sources */,
				CDEC327A296086030030E035 /* UIColor.swift in Sources */,
				CDEC3279296086030030E035 /* Date.swift in Sources */,
				CDEC326C296085D50030E035 /* BaseViewController.swift in Sources */,
				CDEC3284296087650030E035 /* HomeViewController.swift in Sources */,
				CDEC327D296086030030E035 /* UIViewController.swift in Sources */,
				CDEC328629608FCF0030E035 /* CustomNavigationController.swift in Sources */,
				CD026EDE296058C300C6C359 /* AppDelegate.swift in Sources */,
				CD026EE0296058C300C6C359 /* SceneDelegate.swift in Sources */,
				CDEC328929609AEC0030E035 /* CustomNaviBarItem.swift in Sources */,
				CDEC327B296086030030E035 /* String.swift in Sources */,
				CDEC327F296086030030E035 /* UIFont.swift in Sources */,
				CDEC3278296086030030E035 /* IndicatorView.swift in Sources */,
				CDEC327E296086030030E035 /* UINavigationBar.swift in Sources */,
				CDEC328B29609B3E0030E035 /* UIBarButtonItem.swift in Sources */,
				CDEC327C296086030030E035 /* UIButton.swift in Sources */,
			);
			runOnlyForDeploymentPostprocessing = 0;
		};
/* End PBXSourcesBuildPhase section */

/* Begin PBXVariantGroup section */
		CD026EE3296058C300C6C359 /* Main.storyboard */ = {
			isa = PBXVariantGroup;
			children = (
				CD026EE4296058C300C6C359 /* Base */,
			);
			name = Main.storyboard;
			sourceTree = "<group>";
		};
		CD026EE8296058C400C6C359 /* LaunchScreen.storyboard */ = {
			isa = PBXVariantGroup;
			children = (
				CD026EE9296058C400C6C359 /* Base */,
			);
			name = LaunchScreen.storyboard;
			sourceTree = "<group>";
		};
/* End PBXVariantGroup section */

/* Begin XCBuildConfiguration section */
		CD026EEC296058C400C6C359 /* Debug */ = {
			isa = XCBuildConfiguration;
			buildSettings = {
				ALWAYS_SEARCH_USER_PATHS = NO;
				CLANG_ANALYZER_NONNULL = YES;
				CLANG_ANALYZER_NUMBER_OBJECT_CONVERSION = YES_AGGRESSIVE;
				CLANG_CXX_LANGUAGE_STANDARD = "gnu++20";
				CLANG_ENABLE_MODULES = YES;
				CLANG_ENABLE_OBJC_ARC = YES;
				CLANG_ENABLE_OBJC_WEAK = YES;
				CLANG_WARN_BLOCK_CAPTURE_AUTORELEASING = YES;
				CLANG_WARN_BOOL_CONVERSION = YES;
				CLANG_WARN_COMMA = YES;
				CLANG_WARN_CONSTANT_CONVERSION = YES;
				CLANG_WARN_DEPRECATED_OBJC_IMPLEMENTATIONS = YES;
				CLANG_WARN_DIRECT_OBJC_ISA_USAGE = YES_ERROR;
				CLANG_WARN_DOCUMENTATION_COMMENTS = YES;
				CLANG_WARN_EMPTY_BODY = YES;
				CLANG_WARN_ENUM_CONVERSION = YES;
				CLANG_WARN_INFINITE_RECURSION = YES;
				CLANG_WARN_INT_CONVERSION = YES;
				CLANG_WARN_NON_LITERAL_NULL_CONVERSION = YES;
				CLANG_WARN_OBJC_IMPLICIT_RETAIN_SELF = YES;
				CLANG_WARN_OBJC_LITERAL_CONVERSION = YES;
				CLANG_WARN_OBJC_ROOT_CLASS = YES_ERROR;
				CLANG_WARN_QUOTED_INCLUDE_IN_FRAMEWORK_HEADER = YES;
				CLANG_WARN_RANGE_LOOP_ANALYSIS = YES;
				CLANG_WARN_STRICT_PROTOTYPES = YES;
				CLANG_WARN_SUSPICIOUS_MOVE = YES;
				CLANG_WARN_UNGUARDED_AVAILABILITY = YES_AGGRESSIVE;
				CLANG_WARN_UNREACHABLE_CODE = YES;
				CLANG_WARN__DUPLICATE_METHOD_MATCH = YES;
				COPY_PHASE_STRIP = NO;
				DEBUG_INFORMATION_FORMAT = dwarf;
				ENABLE_STRICT_OBJC_MSGSEND = YES;
				ENABLE_TESTABILITY = YES;
				GCC_C_LANGUAGE_STANDARD = gnu11;
				GCC_DYNAMIC_NO_PIC = NO;
				GCC_NO_COMMON_BLOCKS = YES;
				GCC_OPTIMIZATION_LEVEL = 0;
				GCC_PREPROCESSOR_DEFINITIONS = (
					"DEBUG=1",
					"$(inherited)",
				);
				GCC_WARN_64_TO_32_BIT_CONVERSION = YES;
				GCC_WARN_ABOUT_RETURN_TYPE = YES_ERROR;
				GCC_WARN_UNDECLARED_SELECTOR = YES;
				GCC_WARN_UNINITIALIZED_AUTOS = YES_AGGRESSIVE;
				GCC_WARN_UNUSED_FUNCTION = YES;
				GCC_WARN_UNUSED_VARIABLE = YES;
				IPHONEOS_DEPLOYMENT_TARGET = 14.0;
				MTL_ENABLE_DEBUG_INFO = INCLUDE_SOURCE;
				MTL_FAST_MATH = YES;
				ONLY_ACTIVE_ARCH = YES;
				SDKROOT = iphoneos;
				SWIFT_ACTIVE_COMPILATION_CONDITIONS = DEBUG;
				SWIFT_OPTIMIZATION_LEVEL = "-Onone";
			};
			name = Debug;
		};
		CD026EED296058C400C6C359 /* Release */ = {
			isa = XCBuildConfiguration;
			buildSettings = {
				ALWAYS_SEARCH_USER_PATHS = NO;
				CLANG_ANALYZER_NONNULL = YES;
				CLANG_ANALYZER_NUMBER_OBJECT_CONVERSION = YES_AGGRESSIVE;
				CLANG_CXX_LANGUAGE_STANDARD = "gnu++20";
				CLANG_ENABLE_MODULES = YES;
				CLANG_ENABLE_OBJC_ARC = YES;
				CLANG_ENABLE_OBJC_WEAK = YES;
				CLANG_WARN_BLOCK_CAPTURE_AUTORELEASING = YES;
				CLANG_WARN_BOOL_CONVERSION = YES;
				CLANG_WARN_COMMA = YES;
				CLANG_WARN_CONSTANT_CONVERSION = YES;
				CLANG_WARN_DEPRECATED_OBJC_IMPLEMENTATIONS = YES;
				CLANG_WARN_DIRECT_OBJC_ISA_USAGE = YES_ERROR;
				CLANG_WARN_DOCUMENTATION_COMMENTS = YES;
				CLANG_WARN_EMPTY_BODY = YES;
				CLANG_WARN_ENUM_CONVERSION = YES;
				CLANG_WARN_INFINITE_RECURSION = YES;
				CLANG_WARN_INT_CONVERSION = YES;
				CLANG_WARN_NON_LITERAL_NULL_CONVERSION = YES;
				CLANG_WARN_OBJC_IMPLICIT_RETAIN_SELF = YES;
				CLANG_WARN_OBJC_LITERAL_CONVERSION = YES;
				CLANG_WARN_OBJC_ROOT_CLASS = YES_ERROR;
				CLANG_WARN_QUOTED_INCLUDE_IN_FRAMEWORK_HEADER = YES;
				CLANG_WARN_RANGE_LOOP_ANALYSIS = YES;
				CLANG_WARN_STRICT_PROTOTYPES = YES;
				CLANG_WARN_SUSPICIOUS_MOVE = YES;
				CLANG_WARN_UNGUARDED_AVAILABILITY = YES_AGGRESSIVE;
				CLANG_WARN_UNREACHABLE_CODE = YES;
				CLANG_WARN__DUPLICATE_METHOD_MATCH = YES;
				COPY_PHASE_STRIP = NO;
				DEBUG_INFORMATION_FORMAT = "dwarf-with-dsym";
				ENABLE_NS_ASSERTIONS = NO;
				ENABLE_STRICT_OBJC_MSGSEND = YES;
				GCC_C_LANGUAGE_STANDARD = gnu11;
				GCC_NO_COMMON_BLOCKS = YES;
				GCC_WARN_64_TO_32_BIT_CONVERSION = YES;
				GCC_WARN_ABOUT_RETURN_TYPE = YES_ERROR;
				GCC_WARN_UNDECLARED_SELECTOR = YES;
				GCC_WARN_UNINITIALIZED_AUTOS = YES_AGGRESSIVE;
				GCC_WARN_UNUSED_FUNCTION = YES;
				GCC_WARN_UNUSED_VARIABLE = YES;
				IPHONEOS_DEPLOYMENT_TARGET = 14.0;
				MTL_ENABLE_DEBUG_INFO = NO;
				MTL_FAST_MATH = YES;
				SDKROOT = iphoneos;
				SWIFT_COMPILATION_MODE = wholemodule;
				SWIFT_OPTIMIZATION_LEVEL = "-O";
				VALIDATE_PRODUCT = YES;
			};
			name = Release;
		};
		CD026EEF296058C400C6C359 /* Debug */ = {
			isa = XCBuildConfiguration;
			buildSettings = {
				ASSETCATALOG_COMPILER_APPICON_NAME = AppIcon;
				ASSETCATALOG_COMPILER_GLOBAL_ACCENT_COLOR_NAME = AccentColor;
				CODE_SIGN_STYLE = Automatic;
				CURRENT_PROJECT_VERSION = 1;
				DEVELOPMENT_TEAM = 846TMZL7WC;
				GENERATE_INFOPLIST_FILE = YES;
				INFOPLIST_FILE = instagram_ios_jason/Info.plist;
				INFOPLIST_KEY_UIApplicationSupportsIndirectInputEvents = YES;
				INFOPLIST_KEY_UILaunchStoryboardName = LaunchScreen;
				INFOPLIST_KEY_UIMainStoryboardFile = Main;
				INFOPLIST_KEY_UIStatusBarStyle = UIStatusBarStyleDarkContent;
				INFOPLIST_KEY_UISupportedInterfaceOrientations = UIInterfaceOrientationPortrait;
				IPHONEOS_DEPLOYMENT_TARGET = 14.0;
				LD_RUNPATH_SEARCH_PATHS = (
					"$(inherited)",
					"@executable_path/Frameworks",
				);
				MARKETING_VERSION = 1.0;
				PRODUCT_BUNDLE_IDENTIFIER = "com.jisuKim.instagram-ios-jason";
				PRODUCT_NAME = "$(TARGET_NAME)";
				SWIFT_EMIT_LOC_STRINGS = YES;
				SWIFT_VERSION = 5.0;
				TARGETED_DEVICE_FAMILY = "1,2";
			};
			name = Debug;
		};
		CD026EF0296058C400C6C359 /* Release */ = {
			isa = XCBuildConfiguration;
			buildSettings = {
				ASSETCATALOG_COMPILER_APPICON_NAME = AppIcon;
				ASSETCATALOG_COMPILER_GLOBAL_ACCENT_COLOR_NAME = AccentColor;
				CODE_SIGN_STYLE = Automatic;
				CURRENT_PROJECT_VERSION = 1;
				DEVELOPMENT_TEAM = 846TMZL7WC;
				GENERATE_INFOPLIST_FILE = YES;
				INFOPLIST_FILE = instagram_ios_jason/Info.plist;
				INFOPLIST_KEY_UIApplicationSupportsIndirectInputEvents = YES;
				INFOPLIST_KEY_UILaunchStoryboardName = LaunchScreen;
				INFOPLIST_KEY_UIMainStoryboardFile = Main;
				INFOPLIST_KEY_UIStatusBarStyle = UIStatusBarStyleDarkContent;
				INFOPLIST_KEY_UISupportedInterfaceOrientations = UIInterfaceOrientationPortrait;
				IPHONEOS_DEPLOYMENT_TARGET = 14.0;
				LD_RUNPATH_SEARCH_PATHS = (
					"$(inherited)",
					"@executable_path/Frameworks",
				);
				MARKETING_VERSION = 1.0;
				PRODUCT_BUNDLE_IDENTIFIER = "com.jisuKim.instagram-ios-jason";
				PRODUCT_NAME = "$(TARGET_NAME)";
				SWIFT_EMIT_LOC_STRINGS = YES;
				SWIFT_VERSION = 5.0;
				TARGETED_DEVICE_FAMILY = "1,2";
			};
			name = Release;
		};
/* End XCBuildConfiguration section */

/* Begin XCConfigurationList section */
		CD026ED5296058C300C6C359 /* Build configuration list for PBXProject "instagram_ios_jason" */ = {
			isa = XCConfigurationList;
			buildConfigurations = (
				CD026EEC296058C400C6C359 /* Debug */,
				CD026EED296058C400C6C359 /* Release */,
			);
			defaultConfigurationIsVisible = 0;
			defaultConfigurationName = Release;
		};
		CD026EEE296058C400C6C359 /* Build configuration list for PBXNativeTarget "instagram_ios_jason" */ = {
			isa = XCConfigurationList;
			buildConfigurations = (
				CD026EEF296058C400C6C359 /* Debug */,
				CD026EF0296058C400C6C359 /* Release */,
			);
			defaultConfigurationIsVisible = 0;
			defaultConfigurationName = Release;
		};
/* End XCConfigurationList section */
	};
	rootObject = CD026ED2296058C300C6C359 /* Project object */;
}
