{
  "pins" : [
    {
      "identity" : "alamofire",
      "kind" : "remoteSourceControl",
      "location" : "https://github.com/Alamofire/Alamofire.git",
      "state" : {
        "revision" : "78424be314842833c04bc3bef5b72e85fff99204",
        "version" : "5.6.4"
      }
    },
    {
      "identity" : "facebook-ios-sdk",
      "kind" : "remoteSourceControl",
      "location" : "https://github.com/facebook/facebook-ios-sdk",
      "state" : {
        "revision" : "c3d367656ae8ced1149c2c6a5e6b5dd91ecad63c",
        "version" : "9.3.0"
      }
    },
    {
      "identity" : "kingfisher",
      "kind" : "remoteSourceControl",
      "location" : "https://github.com/onevcat/Kingfisher",
      "state" : {
        "revision" : "44e891bdb61426a95e31492a67c7c0dfad1f87c5",
        "version" : "7.4.1"
      }
    },
    {
      "identity" : "prynttrimmerview",
      "kind" : "remoteSourceControl",
      "location" : "https://github.com/HHK1/PryntTrimmerView",
      "state" : {
        "revision" : "ac1b60a22c7e6a6514de7a66d2f3d5b537c956d5",
        "version" : "4.0.2"
      }
    },
    {
      "identity" : "skyfloatinglabeltextfield",
      "kind" : "remoteSourceControl",
      "location" : "https://github.com/Skyscanner/SkyFloatingLabelTextField.git",
      "state" : {
        "revision" : "a0750ebbc7311f3b3debf99c5e59338e854afa59",
        "version" : "4.0.0"
      }
    },
    {
      "identity" : "stevia",
      "kind" : "remoteSourceControl",
      "location" : "https://github.com/freshOS/Stevia",
      "state" : {
        "revision" : "87dd17a86240f16788239a78dd8be11c4b013150",
        "version" : "4.8.0"
      }
    },
    {
      "identity" : "ypimagepicker",
      "kind" : "remoteSourceControl",
      "location" : "https://github.com/Yummypets/YPImagePicker.git",
      "state" : {
        "revision" : "4dbae7a1f69db3d65c47f4106d0ca09f678edeaf",
        "version" : "5.2.1"
      }
    }
  ],
  "version" : 2
}
